// !$*UTF8*$!
{
	archiveVersion = 1;
	classes = {
	};
	objectVersion = 46;
	objects = {

/* Begin PBXBuildFile section */
		3B2ABB2B1DB1EDE5004CB878 /* AlikeAngular-Regular.ttf in Resources */ = {isa = PBXBuildFile; fileRef = 3B2ABAC91DB1EDE5004CB878 /* AlikeAngular-Regular.ttf */; };
		3B2ABB2C1DB1EDE5004CB878 /* OFL.txt in Resources */ = {isa = PBXBuildFile; fileRef = 3B2ABACA1DB1EDE5004CB878 /* OFL.txt */; };
		3B2ABB2D1DB1EDE5004CB878 /* Amiko-Bold.ttf in Resources */ = {isa = PBXBuildFile; fileRef = 3B2ABACC1DB1EDE5004CB878 /* Amiko-Bold.ttf */; };
		3B2ABB2E1DB1EDE5004CB878 /* Amiko-Regular.ttf in Resources */ = {isa = PBXBuildFile; fileRef = 3B2ABACD1DB1EDE5004CB878 /* Amiko-Regular.ttf */; };
		3B2ABB2F1DB1EDE5004CB878 /* Amiko-SemiBold.ttf in Resources */ = {isa = PBXBuildFile; fileRef = 3B2ABACE1DB1EDE5004CB878 /* Amiko-SemiBold.ttf */; };
		3B2ABB301DB1EDE5004CB878 /* OFL.txt in Resources */ = {isa = PBXBuildFile; fileRef = 3B2ABACF1DB1EDE5004CB878 /* OFL.txt */; };
		3B2ABB311DB1EDE5004CB878 /* ArimaMadurai-Black.ttf in Resources */ = {isa = PBXBuildFile; fileRef = 3B2ABAD11DB1EDE5004CB878 /* ArimaMadurai-Black.ttf */; };
		3B2ABB321DB1EDE5004CB878 /* ArimaMadurai-Bold.ttf in Resources */ = {isa = PBXBuildFile; fileRef = 3B2ABAD21DB1EDE5004CB878 /* ArimaMadurai-Bold.ttf */; };
		3B2ABB331DB1EDE5004CB878 /* ArimaMadurai-ExtraBold.ttf in Resources */ = {isa = PBXBuildFile; fileRef = 3B2ABAD31DB1EDE5004CB878 /* ArimaMadurai-ExtraBold.ttf */; };
		3B2ABB341DB1EDE5004CB878 /* ArimaMadurai-ExtraLight.ttf in Resources */ = {isa = PBXBuildFile; fileRef = 3B2ABAD41DB1EDE5004CB878 /* ArimaMadurai-ExtraLight.ttf */; };
		3B2ABB351DB1EDE5004CB878 /* ArimaMadurai-Light.ttf in Resources */ = {isa = PBXBuildFile; fileRef = 3B2ABAD51DB1EDE5004CB878 /* ArimaMadurai-Light.ttf */; };
		3B2ABB361DB1EDE5004CB878 /* ArimaMadurai-Medium.ttf in Resources */ = {isa = PBXBuildFile; fileRef = 3B2ABAD61DB1EDE5004CB878 /* ArimaMadurai-Medium.ttf */; };
		3B2ABB371DB1EDE5004CB878 /* ArimaMadurai-Regular.ttf in Resources */ = {isa = PBXBuildFile; fileRef = 3B2ABAD71DB1EDE5004CB878 /* ArimaMadurai-Regular.ttf */; };
		3B2ABB381DB1EDE5004CB878 /* ArimaMadurai-Thin.ttf in Resources */ = {isa = PBXBuildFile; fileRef = 3B2ABAD81DB1EDE5004CB878 /* ArimaMadurai-Thin.ttf */; };
		3B2ABB391DB1EDE5004CB878 /* OFL.txt in Resources */ = {isa = PBXBuildFile; fileRef = 3B2ABAD91DB1EDE5004CB878 /* OFL.txt */; };
		3B2ABB3A1DB1EDE5004CB878 /* Asul-Bold.ttf in Resources */ = {isa = PBXBuildFile; fileRef = 3B2ABADB1DB1EDE5004CB878 /* Asul-Bold.ttf */; };
		3B2ABB3B1DB1EDE5004CB878 /* Asul-Regular.ttf in Resources */ = {isa = PBXBuildFile; fileRef = 3B2ABADC1DB1EDE5004CB878 /* Asul-Regular.ttf */; };
		3B2ABB3C1DB1EDE5004CB878 /* OFL.txt in Resources */ = {isa = PBXBuildFile; fileRef = 3B2ABADD1DB1EDE5004CB878 /* OFL.txt */; };
		3B2ABB3D1DB1EDE5004CB878 /* BioRhyme-Bold.ttf in Resources */ = {isa = PBXBuildFile; fileRef = 3B2ABADF1DB1EDE5004CB878 /* BioRhyme-Bold.ttf */; };
		3B2ABB3E1DB1EDE5004CB878 /* BioRhyme-ExtraBold.ttf in Resources */ = {isa = PBXBuildFile; fileRef = 3B2ABAE01DB1EDE5004CB878 /* BioRhyme-ExtraBold.ttf */; };
		3B2ABB3F1DB1EDE5004CB878 /* BioRhyme-ExtraLight.ttf in Resources */ = {isa = PBXBuildFile; fileRef = 3B2ABAE11DB1EDE5004CB878 /* BioRhyme-ExtraLight.ttf */; };
		3B2ABB401DB1EDE5004CB878 /* BioRhyme-Light.ttf in Resources */ = {isa = PBXBuildFile; fileRef = 3B2ABAE21DB1EDE5004CB878 /* BioRhyme-Light.ttf */; };
		3B2ABB411DB1EDE5004CB878 /* BioRhyme-Regular.ttf in Resources */ = {isa = PBXBuildFile; fileRef = 3B2ABAE31DB1EDE5004CB878 /* BioRhyme-Regular.ttf */; };
		3B2ABB421DB1EDE5004CB878 /* OFL.txt in Resources */ = {isa = PBXBuildFile; fileRef = 3B2ABAE41DB1EDE5004CB878 /* OFL.txt */; };
		3B2ABB431DB1EDE5004CB878 /* BlackOpsOne-Regular.ttf in Resources */ = {isa = PBXBuildFile; fileRef = 3B2ABAE61DB1EDE5004CB878 /* BlackOpsOne-Regular.ttf */; };
		3B2ABB441DB1EDE5004CB878 /* OFL.txt in Resources */ = {isa = PBXBuildFile; fileRef = 3B2ABAE71DB1EDE5004CB878 /* OFL.txt */; };
		3B2ABB451DB1EDE5004CB878 /* Bungee-Regular.ttf in Resources */ = {isa = PBXBuildFile; fileRef = 3B2ABAE91DB1EDE5004CB878 /* Bungee-Regular.ttf */; };
		3B2ABB461DB1EDE5004CB878 /* OFL.txt in Resources */ = {isa = PBXBuildFile; fileRef = 3B2ABAEA1DB1EDE5004CB878 /* OFL.txt */; };
		3B2ABB471DB1EDE5004CB878 /* BungeeInline-Regular.ttf in Resources */ = {isa = PBXBuildFile; fileRef = 3B2ABAEC1DB1EDE5004CB878 /* BungeeInline-Regular.ttf */; };
		3B2ABB481DB1EDE5004CB878 /* OFL.txt in Resources */ = {isa = PBXBuildFile; fileRef = 3B2ABAED1DB1EDE5004CB878 /* OFL.txt */; };
		3B2ABB491DB1EDE5004CB878 /* BungeeShade-Regular.ttf in Resources */ = {isa = PBXBuildFile; fileRef = 3B2ABAEF1DB1EDE5004CB878 /* BungeeShade-Regular.ttf */; };
		3B2ABB4A1DB1EDE5004CB878 /* OFL.txt in Resources */ = {isa = PBXBuildFile; fileRef = 3B2ABAF01DB1EDE5004CB878 /* OFL.txt */; };
		3B2ABB4B1DB1EDE5004CB878 /* ConcertOne-Regular.ttf in Resources */ = {isa = PBXBuildFile; fileRef = 3B2ABAF21DB1EDE5004CB878 /* ConcertOne-Regular.ttf */; };
		3B2ABB4C1DB1EDE5004CB878 /* OFL.txt in Resources */ = {isa = PBXBuildFile; fileRef = 3B2ABAF31DB1EDE5004CB878 /* OFL.txt */; };
		3B2ABB4D1DB1EDE5004CB878 /* CormorantGaramond-Bold.ttf in Resources */ = {isa = PBXBuildFile; fileRef = 3B2ABAF51DB1EDE5004CB878 /* CormorantGaramond-Bold.ttf */; };
		3B2ABB4E1DB1EDE5004CB878 /* CormorantGaramond-BoldItalic.ttf in Resources */ = {isa = PBXBuildFile; fileRef = 3B2ABAF61DB1EDE5004CB878 /* CormorantGaramond-BoldItalic.ttf */; };
		3B2ABB4F1DB1EDE5004CB878 /* CormorantGaramond-Italic.ttf in Resources */ = {isa = PBXBuildFile; fileRef = 3B2ABAF71DB1EDE5004CB878 /* CormorantGaramond-Italic.ttf */; };
		3B2ABB501DB1EDE5004CB878 /* CormorantGaramond-Light.ttf in Resources */ = {isa = PBXBuildFile; fileRef = 3B2ABAF81DB1EDE5004CB878 /* CormorantGaramond-Light.ttf */; };
		3B2ABB511DB1EDE5004CB878 /* CormorantGaramond-LightItalic.ttf in Resources */ = {isa = PBXBuildFile; fileRef = 3B2ABAF91DB1EDE5004CB878 /* CormorantGaramond-LightItalic.ttf */; };
		3B2ABB521DB1EDE5004CB878 /* CormorantGaramond-Medium.ttf in Resources */ = {isa = PBXBuildFile; fileRef = 3B2ABAFA1DB1EDE5004CB878 /* CormorantGaramond-Medium.ttf */; };
		3B2ABB531DB1EDE5004CB878 /* CormorantGaramond-MediumItalic.ttf in Resources */ = {isa = PBXBuildFile; fileRef = 3B2ABAFB1DB1EDE5004CB878 /* CormorantGaramond-MediumItalic.ttf */; };
		3B2ABB541DB1EDE5004CB878 /* CormorantGaramond-Regular.ttf in Resources */ = {isa = PBXBuildFile; fileRef = 3B2ABAFC1DB1EDE5004CB878 /* CormorantGaramond-Regular.ttf */; };
		3B2ABB551DB1EDE5004CB878 /* CormorantGaramond-SemiBold.ttf in Resources */ = {isa = PBXBuildFile; fileRef = 3B2ABAFD1DB1EDE5004CB878 /* CormorantGaramond-SemiBold.ttf */; };
		3B2ABB561DB1EDE5004CB878 /* CormorantGaramond-SemiBoldItalic.ttf in Resources */ = {isa = PBXBuildFile; fileRef = 3B2ABAFE1DB1EDE5004CB878 /* CormorantGaramond-SemiBoldItalic.ttf */; };
		3B2ABB571DB1EDE5004CB878 /* OFL.txt in Resources */ = {isa = PBXBuildFile; fileRef = 3B2ABAFF1DB1EDE5004CB878 /* OFL.txt */; };
		3B2ABB581DB1EDE5004CB878 /* Creepster-Regular.ttf in Resources */ = {isa = PBXBuildFile; fileRef = 3B2ABB011DB1EDE5004CB878 /* Creepster-Regular.ttf */; };
		3B2ABB591DB1EDE5004CB878 /* OFL.txt in Resources */ = {isa = PBXBuildFile; fileRef = 3B2ABB021DB1EDE5004CB878 /* OFL.txt */; };
		3B2ABB5A1DB1EDE5004CB878 /* Cuprum-Bold.ttf in Resources */ = {isa = PBXBuildFile; fileRef = 3B2ABB041DB1EDE5004CB878 /* Cuprum-Bold.ttf */; };
		3B2ABB5B1DB1EDE5004CB878 /* Cuprum-BoldItalic.ttf in Resources */ = {isa = PBXBuildFile; fileRef = 3B2ABB051DB1EDE5004CB878 /* Cuprum-BoldItalic.ttf */; };
		3B2ABB5C1DB1EDE5004CB878 /* Cuprum-Italic.ttf in Resources */ = {isa = PBXBuildFile; fileRef = 3B2ABB061DB1EDE5004CB878 /* Cuprum-Italic.ttf */; };
		3B2ABB5D1DB1EDE5004CB878 /* Cuprum-Regular.ttf in Resources */ = {isa = PBXBuildFile; fileRef = 3B2ABB071DB1EDE5004CB878 /* Cuprum-Regular.ttf */; };
		3B2ABB5E1DB1EDE5004CB878 /* OFL.txt in Resources */ = {isa = PBXBuildFile; fileRef = 3B2ABB081DB1EDE5004CB878 /* OFL.txt */; };
		3B2ABB5F1DB1EDE5004CB878 /* DaysOne-Regular.ttf in Resources */ = {isa = PBXBuildFile; fileRef = 3B2ABB0A1DB1EDE5004CB878 /* DaysOne-Regular.ttf */; };
		3B2ABB601DB1EDE5004CB878 /* OFL.txt in Resources */ = {isa = PBXBuildFile; fileRef = 3B2ABB0B1DB1EDE5004CB878 /* OFL.txt */; };
		3B2ABB611DB1EDE5004CB878 /* DroidSansMono.ttf in Resources */ = {isa = PBXBuildFile; fileRef = 3B2ABB0D1DB1EDE5004CB878 /* DroidSansMono.ttf */; };
		3B2ABB621DB1EDE5004CB878 /* LICENSE.txt in Resources */ = {isa = PBXBuildFile; fileRef = 3B2ABB0E1DB1EDE5004CB878 /* LICENSE.txt */; };
		3B2ABB631DB1EDE5004CB878 /* EBGaramond-Regular.ttf in Resources */ = {isa = PBXBuildFile; fileRef = 3B2ABB101DB1EDE5004CB878 /* EBGaramond-Regular.ttf */; };
		3B2ABB641DB1EDE5004CB878 /* OFL.txt in Resources */ = {isa = PBXBuildFile; fileRef = 3B2ABB111DB1EDE5004CB878 /* OFL.txt */; };
		3B2ABB651DB1EDE5004CB878 /* Eczar-Bold.ttf in Resources */ = {isa = PBXBuildFile; fileRef = 3B2ABB131DB1EDE5004CB878 /* Eczar-Bold.ttf */; };
		3B2ABB661DB1EDE5004CB878 /* Eczar-ExtraBold.ttf in Resources */ = {isa = PBXBuildFile; fileRef = 3B2ABB141DB1EDE5004CB878 /* Eczar-ExtraBold.ttf */; };
		3B2ABB671DB1EDE5004CB878 /* Eczar-Medium.ttf in Resources */ = {isa = PBXBuildFile; fileRef = 3B2ABB151DB1EDE5004CB878 /* Eczar-Medium.ttf */; };
		3B2ABB681DB1EDE5004CB878 /* Eczar-Regular.ttf in Resources */ = {isa = PBXBuildFile; fileRef = 3B2ABB161DB1EDE5004CB878 /* Eczar-Regular.ttf */; };
		3B2ABB691DB1EDE5004CB878 /* Eczar-SemiBold.ttf in Resources */ = {isa = PBXBuildFile; fileRef = 3B2ABB171DB1EDE5004CB878 /* Eczar-SemiBold.ttf */; };
		3B2ABB6A1DB1EDE5004CB878 /* OFL.txt in Resources */ = {isa = PBXBuildFile; fileRef = 3B2ABB181DB1EDE5004CB878 /* OFL.txt */; };
		3B2ABB6B1DB1EDE5004CB878 /* Ewert-Regular.ttf in Resources */ = {isa = PBXBuildFile; fileRef = 3B2ABB1A1DB1EDE5004CB878 /* Ewert-Regular.ttf */; };
		3B2ABB6C1DB1EDE5004CB878 /* OFL.txt in Resources */ = {isa = PBXBuildFile; fileRef = 3B2ABB1B1DB1EDE5004CB878 /* OFL.txt */; };
		3B2ABB6D1DB1EDE5004CB878 /* Farsan-Regular.ttf in Resources */ = {isa = PBXBuildFile; fileRef = 3B2ABB1D1DB1EDE5004CB878 /* Farsan-Regular.ttf */; };
		3B2ABB6E1DB1EDE5004CB878 /* OFL.txt in Resources */ = {isa = PBXBuildFile; fileRef = 3B2ABB1E1DB1EDE5004CB878 /* OFL.txt */; };
		3B2ABB6F1DB1EDE6004CB878 /* FredokaOne-Regular.ttf in Resources */ = {isa = PBXBuildFile; fileRef = 3B2ABB201DB1EDE5004CB878 /* FredokaOne-Regular.ttf */; };
		3B2ABB701DB1EDE6004CB878 /* OFL.txt in Resources */ = {isa = PBXBuildFile; fileRef = 3B2ABB211DB1EDE5004CB878 /* OFL.txt */; };
		3B2ABB711DB1EDE6004CB878 /* Fruktur-Regular.ttf in Resources */ = {isa = PBXBuildFile; fileRef = 3B2ABB231DB1EDE5004CB878 /* Fruktur-Regular.ttf */; };
		3B2ABB721DB1EDE6004CB878 /* OFL.txt in Resources */ = {isa = PBXBuildFile; fileRef = 3B2ABB241DB1EDE5004CB878 /* OFL.txt */; };
		3B2ABB731DB1EDE6004CB878 /* GenBasB.ttf in Resources */ = {isa = PBXBuildFile; fileRef = 3B2ABB261DB1EDE5004CB878 /* GenBasB.ttf */; };
		3B2ABB741DB1EDE6004CB878 /* GenBasBI.ttf in Resources */ = {isa = PBXBuildFile; fileRef = 3B2ABB271DB1EDE5004CB878 /* GenBasBI.ttf */; };
		3B2ABB751DB1EDE6004CB878 /* GenBasI.ttf in Resources */ = {isa = PBXBuildFile; fileRef = 3B2ABB281DB1EDE5004CB878 /* GenBasI.ttf */; };
		3B2ABB761DB1EDE6004CB878 /* GenBasR.ttf in Resources */ = {isa = PBXBuildFile; fileRef = 3B2ABB291DB1EDE5004CB878 /* GenBasR.ttf */; };
		3B2ABB771DB1EDE6004CB878 /* OFL.txt in Resources */ = {isa = PBXBuildFile; fileRef = 3B2ABB2A1DB1EDE5004CB878 /* OFL.txt */; };
		3B2ABB7B1DB1EDF7004CB878 /* Action Comcs Black.ttf in Resources */ = {isa = PBXBuildFile; fileRef = 3B2ABB791DB1EDF7004CB878 /* Action Comcs Black.ttf */; };
		3B2ABB7C1DB1EDF7004CB878 /* Action Comics.ttf in Resources */ = {isa = PBXBuildFile; fileRef = 3B2ABB7A1DB1EDF7004CB878 /* Action Comics.ttf */; };
		3B5938BF1DB17F5D00E3C0FA /* AppDelegate.swift in Sources */ = {isa = PBXBuildFile; fileRef = 3B5938BE1DB17F5D00E3C0FA /* AppDelegate.swift */; };
		3B5938C11DB17F5D00E3C0FA /* ViewController.swift in Sources */ = {isa = PBXBuildFile; fileRef = 3B5938C01DB17F5D00E3C0FA /* ViewController.swift */; };
		3B5938C41DB17F5D00E3C0FA /* Main.storyboard in Resources */ = {isa = PBXBuildFile; fileRef = 3B5938C21DB17F5D00E3C0FA /* Main.storyboard */; };
		3B5938C61DB17F5D00E3C0FA /* Assets.xcassets in Resources */ = {isa = PBXBuildFile; fileRef = 3B5938C51DB17F5D00E3C0FA /* Assets.xcassets */; };
		3B5938C91DB17F5D00E3C0FA /* LaunchScreen.storyboard in Resources */ = {isa = PBXBuildFile; fileRef = 3B5938C71DB17F5D00E3C0FA /* LaunchScreen.storyboard */; };
/* End PBXBuildFile section */

/* Begin PBXFileReference section */
		3B2ABAC91DB1EDE5004CB878 /* AlikeAngular-Regular.ttf */ = {isa = PBXFileReference; lastKnownFileType = file; path = "AlikeAngular-Regular.ttf"; sourceTree = "<group>"; };
		3B2ABACA1DB1EDE5004CB878 /* OFL.txt */ = {isa = PBXFileReference; fileEncoding = 4; lastKnownFileType = text; path = OFL.txt; sourceTree = "<group>"; };
		3B2ABACC1DB1EDE5004CB878 /* Amiko-Bold.ttf */ = {isa = PBXFileReference; lastKnownFileType = file; path = "Amiko-Bold.ttf"; sourceTree = "<group>"; };
		3B2ABACD1DB1EDE5004CB878 /* Amiko-Regular.ttf */ = {isa = PBXFileReference; lastKnownFileType = file; path = "Amiko-Regular.ttf"; sourceTree = "<group>"; };
		3B2ABACE1DB1EDE5004CB878 /* Amiko-SemiBold.ttf */ = {isa = PBXFileReference; lastKnownFileType = file; path = "Amiko-SemiBold.ttf"; sourceTree = "<group>"; };
		3B2ABACF1DB1EDE5004CB878 /* OFL.txt */ = {isa = PBXFileReference; fileEncoding = 4; lastKnownFileType = text; path = OFL.txt; sourceTree = "<group>"; };
		3B2ABAD11DB1EDE5004CB878 /* ArimaMadurai-Black.ttf */ = {isa = PBXFileReference; lastKnownFileType = file; path = "ArimaMadurai-Black.ttf"; sourceTree = "<group>"; };
		3B2ABAD21DB1EDE5004CB878 /* ArimaMadurai-Bold.ttf */ = {isa = PBXFileReference; lastKnownFileType = file; path = "ArimaMadurai-Bold.ttf"; sourceTree = "<group>"; };
		3B2ABAD31DB1EDE5004CB878 /* ArimaMadurai-ExtraBold.ttf */ = {isa = PBXFileReference; lastKnownFileType = file; path = "ArimaMadurai-ExtraBold.ttf"; sourceTree = "<group>"; };
		3B2ABAD41DB1EDE5004CB878 /* ArimaMadurai-ExtraLight.ttf */ = {isa = PBXFileReference; lastKnownFileType = file; path = "ArimaMadurai-ExtraLight.ttf"; sourceTree = "<group>"; };
		3B2ABAD51DB1EDE5004CB878 /* ArimaMadurai-Light.ttf */ = {isa = PBXFileReference; lastKnownFileType = file; path = "ArimaMadurai-Light.ttf"; sourceTree = "<group>"; };
		3B2ABAD61DB1EDE5004CB878 /* ArimaMadurai-Medium.ttf */ = {isa = PBXFileReference; lastKnownFileType = file; path = "ArimaMadurai-Medium.ttf"; sourceTree = "<group>"; };
		3B2ABAD71DB1EDE5004CB878 /* ArimaMadurai-Regular.ttf */ = {isa = PBXFileReference; lastKnownFileType = file; path = "ArimaMadurai-Regular.ttf"; sourceTree = "<group>"; };
		3B2ABAD81DB1EDE5004CB878 /* ArimaMadurai-Thin.ttf */ = {isa = PBXFileReference; lastKnownFileType = file; path = "ArimaMadurai-Thin.ttf"; sourceTree = "<group>"; };
		3B2ABAD91DB1EDE5004CB878 /* OFL.txt */ = {isa = PBXFileReference; fileEncoding = 4; lastKnownFileType = text; path = OFL.txt; sourceTree = "<group>"; };
		3B2ABADB1DB1EDE5004CB878 /* Asul-Bold.ttf */ = {isa = PBXFileReference; lastKnownFileType = file; path = "Asul-Bold.ttf"; sourceTree = "<group>"; };
		3B2ABADC1DB1EDE5004CB878 /* Asul-Regular.ttf */ = {isa = PBXFileReference; lastKnownFileType = file; path = "Asul-Regular.ttf"; sourceTree = "<group>"; };
		3B2ABADD1DB1EDE5004CB878 /* OFL.txt */ = {isa = PBXFileReference; fileEncoding = 4; lastKnownFileType = text; path = OFL.txt; sourceTree = "<group>"; };
		3B2ABADF1DB1EDE5004CB878 /* BioRhyme-Bold.ttf */ = {isa = PBXFileReference; lastKnownFileType = file; path = "BioRhyme-Bold.ttf"; sourceTree = "<group>"; };
		3B2ABAE01DB1EDE5004CB878 /* BioRhyme-ExtraBold.ttf */ = {isa = PBXFileReference; lastKnownFileType = file; path = "BioRhyme-ExtraBold.ttf"; sourceTree = "<group>"; };
		3B2ABAE11DB1EDE5004CB878 /* BioRhyme-ExtraLight.ttf */ = {isa = PBXFileReference; lastKnownFileType = file; path = "BioRhyme-ExtraLight.ttf"; sourceTree = "<group>"; };
		3B2ABAE21DB1EDE5004CB878 /* BioRhyme-Light.ttf */ = {isa = PBXFileReference; lastKnownFileType = file; path = "BioRhyme-Light.ttf"; sourceTree = "<group>"; };
		3B2ABAE31DB1EDE5004CB878 /* BioRhyme-Regular.ttf */ = {isa = PBXFileReference; lastKnownFileType = file; path = "BioRhyme-Regular.ttf"; sourceTree = "<group>"; };
		3B2ABAE41DB1EDE5004CB878 /* OFL.txt */ = {isa = PBXFileReference; fileEncoding = 4; lastKnownFileType = text; path = OFL.txt; sourceTree = "<group>"; };
		3B2ABAE61DB1EDE5004CB878 /* BlackOpsOne-Regular.ttf */ = {isa = PBXFileReference; lastKnownFileType = file; path = "BlackOpsOne-Regular.ttf"; sourceTree = "<group>"; };
		3B2ABAE71DB1EDE5004CB878 /* OFL.txt */ = {isa = PBXFileReference; fileEncoding = 4; lastKnownFileType = text; path = OFL.txt; sourceTree = "<group>"; };
		3B2ABAE91DB1EDE5004CB878 /* Bungee-Regular.ttf */ = {isa = PBXFileReference; lastKnownFileType = file; path = "Bungee-Regular.ttf"; sourceTree = "<group>"; };
		3B2ABAEA1DB1EDE5004CB878 /* OFL.txt */ = {isa = PBXFileReference; fileEncoding = 4; lastKnownFileType = text; path = OFL.txt; sourceTree = "<group>"; };
		3B2ABAEC1DB1EDE5004CB878 /* BungeeInline-Regular.ttf */ = {isa = PBXFileReference; lastKnownFileType = file; path = "BungeeInline-Regular.ttf"; sourceTree = "<group>"; };
		3B2ABAED1DB1EDE5004CB878 /* OFL.txt */ = {isa = PBXFileReference; fileEncoding = 4; lastKnownFileType = text; path = OFL.txt; sourceTree = "<group>"; };
		3B2ABAEF1DB1EDE5004CB878 /* BungeeShade-Regular.ttf */ = {isa = PBXFileReference; lastKnownFileType = file; path = "BungeeShade-Regular.ttf"; sourceTree = "<group>"; };
		3B2ABAF01DB1EDE5004CB878 /* OFL.txt */ = {isa = PBXFileReference; fileEncoding = 4; lastKnownFileType = text; path = OFL.txt; sourceTree = "<group>"; };
		3B2ABAF21DB1EDE5004CB878 /* ConcertOne-Regular.ttf */ = {isa = PBXFileReference; lastKnownFileType = file; path = "ConcertOne-Regular.ttf"; sourceTree = "<group>"; };
		3B2ABAF31DB1EDE5004CB878 /* OFL.txt */ = {isa = PBXFileReference; fileEncoding = 4; lastKnownFileType = text; path = OFL.txt; sourceTree = "<group>"; };
		3B2ABAF51DB1EDE5004CB878 /* CormorantGaramond-Bold.ttf */ = {isa = PBXFileReference; lastKnownFileType = file; path = "CormorantGaramond-Bold.ttf"; sourceTree = "<group>"; };
		3B2ABAF61DB1EDE5004CB878 /* CormorantGaramond-BoldItalic.ttf */ = {isa = PBXFileReference; lastKnownFileType = file; path = "CormorantGaramond-BoldItalic.ttf"; sourceTree = "<group>"; };
		3B2ABAF71DB1EDE5004CB878 /* CormorantGaramond-Italic.ttf */ = {isa = PBXFileReference; lastKnownFileType = file; path = "CormorantGaramond-Italic.ttf"; sourceTree = "<group>"; };
		3B2ABAF81DB1EDE5004CB878 /* CormorantGaramond-Light.ttf */ = {isa = PBXFileReference; lastKnownFileType = file; path = "CormorantGaramond-Light.ttf"; sourceTree = "<group>"; };
		3B2ABAF91DB1EDE5004CB878 /* CormorantGaramond-LightItalic.ttf */ = {isa = PBXFileReference; lastKnownFileType = file; path = "CormorantGaramond-LightItalic.ttf"; sourceTree = "<group>"; };
		3B2ABAFA1DB1EDE5004CB878 /* CormorantGaramond-Medium.ttf */ = {isa = PBXFileReference; lastKnownFileType = file; path = "CormorantGaramond-Medium.ttf"; sourceTree = "<group>"; };
		3B2ABAFB1DB1EDE5004CB878 /* CormorantGaramond-MediumItalic.ttf */ = {isa = PBXFileReference; lastKnownFileType = file; path = "CormorantGaramond-MediumItalic.ttf"; sourceTree = "<group>"; };
		3B2ABAFC1DB1EDE5004CB878 /* CormorantGaramond-Regular.ttf */ = {isa = PBXFileReference; lastKnownFileType = file; path = "CormorantGaramond-Regular.ttf"; sourceTree = "<group>"; };
		3B2ABAFD1DB1EDE5004CB878 /* CormorantGaramond-SemiBold.ttf */ = {isa = PBXFileReference; lastKnownFileType = file; path = "CormorantGaramond-SemiBold.ttf"; sourceTree = "<group>"; };
		3B2ABAFE1DB1EDE5004CB878 /* CormorantGaramond-SemiBoldItalic.ttf */ = {isa = PBXFileReference; lastKnownFileType = file; path = "CormorantGaramond-SemiBoldItalic.ttf"; sourceTree = "<group>"; };
		3B2ABAFF1DB1EDE5004CB878 /* OFL.txt */ = {isa = PBXFileReference; fileEncoding = 4; lastKnownFileType = text; path = OFL.txt; sourceTree = "<group>"; };
		3B2ABB011DB1EDE5004CB878 /* Creepster-Regular.ttf */ = {isa = PBXFileReference; lastKnownFileType = file; path = "Creepster-Regular.ttf"; sourceTree = "<group>"; };
		3B2ABB021DB1EDE5004CB878 /* OFL.txt */ = {isa = PBXFileReference; fileEncoding = 4; lastKnownFileType = text; path = OFL.txt; sourceTree = "<group>"; };
		3B2ABB041DB1EDE5004CB878 /* Cuprum-Bold.ttf */ = {isa = PBXFileReference; lastKnownFileType = file; path = "Cuprum-Bold.ttf"; sourceTree = "<group>"; };
		3B2ABB051DB1EDE5004CB878 /* Cuprum-BoldItalic.ttf */ = {isa = PBXFileReference; lastKnownFileType = file; path = "Cuprum-BoldItalic.ttf"; sourceTree = "<group>"; };
		3B2ABB061DB1EDE5004CB878 /* Cuprum-Italic.ttf */ = {isa = PBXFileReference; lastKnownFileType = file; path = "Cuprum-Italic.ttf"; sourceTree = "<group>"; };
		3B2ABB071DB1EDE5004CB878 /* Cuprum-Regular.ttf */ = {isa = PBXFileReference; lastKnownFileType = file; path = "Cuprum-Regular.ttf"; sourceTree = "<group>"; };
		3B2ABB081DB1EDE5004CB878 /* OFL.txt */ = {isa = PBXFileReference; fileEncoding = 4; lastKnownFileType = text; path = OFL.txt; sourceTree = "<group>"; };
		3B2ABB0A1DB1EDE5004CB878 /* DaysOne-Regular.ttf */ = {isa = PBXFileReference; lastKnownFileType = file; path = "DaysOne-Regular.ttf"; sourceTree = "<group>"; };
		3B2ABB0B1DB1EDE5004CB878 /* OFL.txt */ = {isa = PBXFileReference; fileEncoding = 4; lastKnownFileType = text; path = OFL.txt; sourceTree = "<group>"; };
		3B2ABB0D1DB1EDE5004CB878 /* DroidSansMono.ttf */ = {isa = PBXFileReference; lastKnownFileType = file; path = DroidSansMono.ttf; sourceTree = "<group>"; };
		3B2ABB0E1DB1EDE5004CB878 /* LICENSE.txt */ = {isa = PBXFileReference; fileEncoding = 4; lastKnownFileType = text; path = LICENSE.txt; sourceTree = "<group>"; };
		3B2ABB101DB1EDE5004CB878 /* EBGaramond-Regular.ttf */ = {isa = PBXFileReference; lastKnownFileType = file; path = "EBGaramond-Regular.ttf"; sourceTree = "<group>"; };
		3B2ABB111DB1EDE5004CB878 /* OFL.txt */ = {isa = PBXFileReference; fileEncoding = 4; lastKnownFileType = text; path = OFL.txt; sourceTree = "<group>"; };
		3B2ABB131DB1EDE5004CB878 /* Eczar-Bold.ttf */ = {isa = PBXFileReference; lastKnownFileType = file; path = "Eczar-Bold.ttf"; sourceTree = "<group>"; };
		3B2ABB141DB1EDE5004CB878 /* Eczar-ExtraBold.ttf */ = {isa = PBXFileReference; lastKnownFileType = file; path = "Eczar-ExtraBold.ttf"; sourceTree = "<group>"; };
		3B2ABB151DB1EDE5004CB878 /* Eczar-Medium.ttf */ = {isa = PBXFileReference; lastKnownFileType = file; path = "Eczar-Medium.ttf"; sourceTree = "<group>"; };
		3B2ABB161DB1EDE5004CB878 /* Eczar-Regular.ttf */ = {isa = PBXFileReference; lastKnownFileType = file; path = "Eczar-Regular.ttf"; sourceTree = "<group>"; };
		3B2ABB171DB1EDE5004CB878 /* Eczar-SemiBold.ttf */ = {isa = PBXFileReference; lastKnownFileType = file; path = "Eczar-SemiBold.ttf"; sourceTree = "<group>"; };
		3B2ABB181DB1EDE5004CB878 /* OFL.txt */ = {isa = PBXFileReference; fileEncoding = 4; lastKnownFileType = text; path = OFL.txt; sourceTree = "<group>"; };
		3B2ABB1A1DB1EDE5004CB878 /* Ewert-Regular.ttf */ = {isa = PBXFileReference; lastKnownFileType = file; path = "Ewert-Regular.ttf"; sourceTree = "<group>"; };
		3B2ABB1B1DB1EDE5004CB878 /* OFL.txt */ = {isa = PBXFileReference; fileEncoding = 4; lastKnownFileType = text; path = OFL.txt; sourceTree = "<group>"; };
		3B2ABB1D1DB1EDE5004CB878 /* Farsan-Regular.ttf */ = {isa = PBXFileReference; lastKnownFileType = file; path = "Farsan-Regular.ttf"; sourceTree = "<group>"; };
		3B2ABB1E1DB1EDE5004CB878 /* OFL.txt */ = {isa = PBXFileReference; fileEncoding = 4; lastKnownFileType = text; path = OFL.txt; sourceTree = "<group>"; };
		3B2ABB201DB1EDE5004CB878 /* FredokaOne-Regular.ttf */ = {isa = PBXFileReference; lastKnownFileType = file; path = "FredokaOne-Regular.ttf"; sourceTree = "<group>"; };
		3B2ABB211DB1EDE5004CB878 /* OFL.txt */ = {isa = PBXFileReference; fileEncoding = 4; lastKnownFileType = text; path = OFL.txt; sourceTree = "<group>"; };
		3B2ABB231DB1EDE5004CB878 /* Fruktur-Regular.ttf */ = {isa = PBXFileReference; lastKnownFileType = file; path = "Fruktur-Regular.ttf"; sourceTree = "<group>"; };
		3B2ABB241DB1EDE5004CB878 /* OFL.txt */ = {isa = PBXFileReference; fileEncoding = 4; lastKnownFileType = text; path = OFL.txt; sourceTree = "<group>"; };
		3B2ABB261DB1EDE5004CB878 /* GenBasB.ttf */ = {isa = PBXFileReference; lastKnownFileType = file; path = GenBasB.ttf; sourceTree = "<group>"; };
		3B2ABB271DB1EDE5004CB878 /* GenBasBI.ttf */ = {isa = PBXFileReference; lastKnownFileType = file; path = GenBasBI.ttf; sourceTree = "<group>"; };
		3B2ABB281DB1EDE5004CB878 /* GenBasI.ttf */ = {isa = PBXFileReference; lastKnownFileType = file; path = GenBasI.ttf; sourceTree = "<group>"; };
		3B2ABB291DB1EDE5004CB878 /* GenBasR.ttf */ = {isa = PBXFileReference; lastKnownFileType = file; path = GenBasR.ttf; sourceTree = "<group>"; };
		3B2ABB2A1DB1EDE5004CB878 /* OFL.txt */ = {isa = PBXFileReference; fileEncoding = 4; lastKnownFileType = text; path = OFL.txt; sourceTree = "<group>"; };
		3B2ABB791DB1EDF7004CB878 /* Action Comcs Black.ttf */ = {isa = PBXFileReference; lastKnownFileType = file; path = "Action Comcs Black.ttf"; sourceTree = "<group>"; };
		3B2ABB7A1DB1EDF7004CB878 /* Action Comics.ttf */ = {isa = PBXFileReference; lastKnownFileType = file; path = "Action Comics.ttf"; sourceTree = "<group>"; };
		3B5938BB1DB17F5D00E3C0FA /* InteractiveStory.app */ = {isa = PBXFileReference; explicitFileType = wrapper.application; includeInIndex = 0; path = InteractiveStory.app; sourceTree = BUILT_PRODUCTS_DIR; };
		3B5938BE1DB17F5D00E3C0FA /* AppDelegate.swift */ = {isa = PBXFileReference; lastKnownFileType = sourcecode.swift; path = AppDelegate.swift; sourceTree = "<group>"; };
		3B5938C01DB17F5D00E3C0FA /* ViewController.swift */ = {isa = PBXFileReference; lastKnownFileType = sourcecode.swift; path = ViewController.swift; sourceTree = "<group>"; };
		3B5938C31DB17F5D00E3C0FA /* Base */ = {isa = PBXFileReference; lastKnownFileType = file.storyboard; name = Base; path = Base.lproj/Main.storyboard; sourceTree = "<group>"; };
		3B5938C51DB17F5D00E3C0FA /* Assets.xcassets */ = {isa = PBXFileReference; lastKnownFileType = folder.assetcatalog; path = Assets.xcassets; sourceTree = "<group>"; };
		3B5938C81DB17F5D00E3C0FA /* Base */ = {isa = PBXFileReference; lastKnownFileType = file.storyboard; name = Base; path = Base.lproj/LaunchScreen.storyboard; sourceTree = "<group>"; };
		3B5938CA1DB17F5D00E3C0FA /* Info.plist */ = {isa = PBXFileReference; lastKnownFileType = text.plist.xml; path = Info.plist; sourceTree = "<group>"; };
/* End PBXFileReference section */

/* Begin PBXFrameworksBuildPhase section */
		3B5938B81DB17F5D00E3C0FA /* Frameworks */ = {
			isa = PBXFrameworksBuildPhase;
			buildActionMask = 2147483647;
			files = (
			);
			runOnlyForDeploymentPostprocessing = 0;
		};
/* End PBXFrameworksBuildPhase section */

/* Begin PBXGroup section */
		3B2ABAC71DB1EDE5004CB878 /* fonts */ = {
			isa = PBXGroup;
			children = (
				3B2ABB781DB1EDF7004CB878 /* action_comics */,
				3B2ABAC81DB1EDE5004CB878 /* Alike_Angular */,
				3B2ABACB1DB1EDE5004CB878 /* Amiko */,
				3B2ABAD01DB1EDE5004CB878 /* Arima_Madurai */,
				3B2ABADA1DB1EDE5004CB878 /* Asul */,
				3B2ABADE1DB1EDE5004CB878 /* BioRhyme */,
				3B2ABAE51DB1EDE5004CB878 /* Black_Ops_One */,
				3B2ABAE81DB1EDE5004CB878 /* Bungee */,
				3B2ABAEB1DB1EDE5004CB878 /* Bungee_Inline */,
				3B2ABAEE1DB1EDE5004CB878 /* Bungee_Shade */,
				3B2ABAF11DB1EDE5004CB878 /* Concert_One */,
				3B2ABAF41DB1EDE5004CB878 /* Cormorant_Garamond */,
				3B2ABB001DB1EDE5004CB878 /* Creepster */,
				3B2ABB031DB1EDE5004CB878 /* Cuprum */,
				3B2ABB091DB1EDE5004CB878 /* Days_One */,
				3B2ABB0C1DB1EDE5004CB878 /* Droid_Sans_Mono */,
				3B2ABB0F1DB1EDE5004CB878 /* EB_Garamond */,
				3B2ABB121DB1EDE5004CB878 /* Eczar */,
				3B2ABB191DB1EDE5004CB878 /* Ewert */,
				3B2ABB1C1DB1EDE5004CB878 /* Farsan */,
				3B2ABB1F1DB1EDE5004CB878 /* Fredoka_One */,
				3B2ABB221DB1EDE5004CB878 /* Fruktur */,
				3B2ABB251DB1EDE5004CB878 /* Gentium_Basic */,
			);
			path = fonts;
			sourceTree = "<group>";
		};
		3B2ABAC81DB1EDE5004CB878 /* Alike_Angular */ = {
			isa = PBXGroup;
			children = (
				3B2ABAC91DB1EDE5004CB878 /* AlikeAngular-Regular.ttf */,
				3B2ABACA1DB1EDE5004CB878 /* OFL.txt */,
			);
			path = Alike_Angular;
			sourceTree = "<group>";
		};
		3B2ABACB1DB1EDE5004CB878 /* Amiko */ = {
			isa = PBXGroup;
			children = (
				3B2ABACC1DB1EDE5004CB878 /* Amiko-Bold.ttf */,
				3B2ABACD1DB1EDE5004CB878 /* Amiko-Regular.ttf */,
				3B2ABACE1DB1EDE5004CB878 /* Amiko-SemiBold.ttf */,
				3B2ABACF1DB1EDE5004CB878 /* OFL.txt */,
			);
			path = Amiko;
			sourceTree = "<group>";
		};
		3B2ABAD01DB1EDE5004CB878 /* Arima_Madurai */ = {
			isa = PBXGroup;
			children = (
				3B2ABAD11DB1EDE5004CB878 /* ArimaMadurai-Black.ttf */,
				3B2ABAD21DB1EDE5004CB878 /* ArimaMadurai-Bold.ttf */,
				3B2ABAD31DB1EDE5004CB878 /* ArimaMadurai-ExtraBold.ttf */,
				3B2ABAD41DB1EDE5004CB878 /* ArimaMadurai-ExtraLight.ttf */,
				3B2ABAD51DB1EDE5004CB878 /* ArimaMadurai-Light.ttf */,
				3B2ABAD61DB1EDE5004CB878 /* ArimaMadurai-Medium.ttf */,
				3B2ABAD71DB1EDE5004CB878 /* ArimaMadurai-Regular.ttf */,
				3B2ABAD81DB1EDE5004CB878 /* ArimaMadurai-Thin.ttf */,
				3B2ABAD91DB1EDE5004CB878 /* OFL.txt */,
			);
			path = Arima_Madurai;
			sourceTree = "<group>";
		};
		3B2ABADA1DB1EDE5004CB878 /* Asul */ = {
			isa = PBXGroup;
			children = (
				3B2ABADB1DB1EDE5004CB878 /* Asul-Bold.ttf */,
				3B2ABADC1DB1EDE5004CB878 /* Asul-Regular.ttf */,
				3B2ABADD1DB1EDE5004CB878 /* OFL.txt */,
			);
			path = Asul;
			sourceTree = "<group>";
		};
		3B2ABADE1DB1EDE5004CB878 /* BioRhyme */ = {
			isa = PBXGroup;
			children = (
				3B2ABADF1DB1EDE5004CB878 /* BioRhyme-Bold.ttf */,
				3B2ABAE01DB1EDE5004CB878 /* BioRhyme-ExtraBold.ttf */,
				3B2ABAE11DB1EDE5004CB878 /* BioRhyme-ExtraLight.ttf */,
				3B2ABAE21DB1EDE5004CB878 /* BioRhyme-Light.ttf */,
				3B2ABAE31DB1EDE5004CB878 /* BioRhyme-Regular.ttf */,
				3B2ABAE41DB1EDE5004CB878 /* OFL.txt */,
			);
			path = BioRhyme;
			sourceTree = "<group>";
		};
		3B2ABAE51DB1EDE5004CB878 /* Black_Ops_One */ = {
			isa = PBXGroup;
			children = (
				3B2ABAE61DB1EDE5004CB878 /* BlackOpsOne-Regular.ttf */,
				3B2ABAE71DB1EDE5004CB878 /* OFL.txt */,
			);
			path = Black_Ops_One;
			sourceTree = "<group>";
		};
		3B2ABAE81DB1EDE5004CB878 /* Bungee */ = {
			isa = PBXGroup;
			children = (
				3B2ABAE91DB1EDE5004CB878 /* Bungee-Regular.ttf */,
				3B2ABAEA1DB1EDE5004CB878 /* OFL.txt */,
			);
			path = Bungee;
			sourceTree = "<group>";
		};
		3B2ABAEB1DB1EDE5004CB878 /* Bungee_Inline */ = {
			isa = PBXGroup;
			children = (
				3B2ABAEC1DB1EDE5004CB878 /* BungeeInline-Regular.ttf */,
				3B2ABAED1DB1EDE5004CB878 /* OFL.txt */,
			);
			path = Bungee_Inline;
			sourceTree = "<group>";
		};
		3B2ABAEE1DB1EDE5004CB878 /* Bungee_Shade */ = {
			isa = PBXGroup;
			children = (
				3B2ABAEF1DB1EDE5004CB878 /* BungeeShade-Regular.ttf */,
				3B2ABAF01DB1EDE5004CB878 /* OFL.txt */,
			);
			path = Bungee_Shade;
			sourceTree = "<group>";
		};
		3B2ABAF11DB1EDE5004CB878 /* Concert_One */ = {
			isa = PBXGroup;
			children = (
				3B2ABAF21DB1EDE5004CB878 /* ConcertOne-Regular.ttf */,
				3B2ABAF31DB1EDE5004CB878 /* OFL.txt */,
			);
			path = Concert_One;
			sourceTree = "<group>";
		};
		3B2ABAF41DB1EDE5004CB878 /* Cormorant_Garamond */ = {
			isa = PBXGroup;
			children = (
				3B2ABAF51DB1EDE5004CB878 /* CormorantGaramond-Bold.ttf */,
				3B2ABAF61DB1EDE5004CB878 /* CormorantGaramond-BoldItalic.ttf */,
				3B2ABAF71DB1EDE5004CB878 /* CormorantGaramond-Italic.ttf */,
				3B2ABAF81DB1EDE5004CB878 /* CormorantGaramond-Light.ttf */,
				3B2ABAF91DB1EDE5004CB878 /* CormorantGaramond-LightItalic.ttf */,
				3B2ABAFA1DB1EDE5004CB878 /* CormorantGaramond-Medium.ttf */,
				3B2ABAFB1DB1EDE5004CB878 /* CormorantGaramond-MediumItalic.ttf */,
				3B2ABAFC1DB1EDE5004CB878 /* CormorantGaramond-Regular.ttf */,
				3B2ABAFD1DB1EDE5004CB878 /* CormorantGaramond-SemiBold.ttf */,
				3B2ABAFE1DB1EDE5004CB878 /* CormorantGaramond-SemiBoldItalic.ttf */,
				3B2ABAFF1DB1EDE5004CB878 /* OFL.txt */,
			);
			path = Cormorant_Garamond;
			sourceTree = "<group>";
		};
		3B2ABB001DB1EDE5004CB878 /* Creepster */ = {
			isa = PBXGroup;
			children = (
				3B2ABB011DB1EDE5004CB878 /* Creepster-Regular.ttf */,
				3B2ABB021DB1EDE5004CB878 /* OFL.txt */,
			);
			path = Creepster;
			sourceTree = "<group>";
		};
		3B2ABB031DB1EDE5004CB878 /* Cuprum */ = {
			isa = PBXGroup;
			children = (
				3B2ABB041DB1EDE5004CB878 /* Cuprum-Bold.ttf */,
				3B2ABB051DB1EDE5004CB878 /* Cuprum-BoldItalic.ttf */,
				3B2ABB061DB1EDE5004CB878 /* Cuprum-Italic.ttf */,
				3B2ABB071DB1EDE5004CB878 /* Cuprum-Regular.ttf */,
				3B2ABB081DB1EDE5004CB878 /* OFL.txt */,
			);
			path = Cuprum;
			sourceTree = "<group>";
		};
		3B2ABB091DB1EDE5004CB878 /* Days_One */ = {
			isa = PBXGroup;
			children = (
				3B2ABB0A1DB1EDE5004CB878 /* DaysOne-Regular.ttf */,
				3B2ABB0B1DB1EDE5004CB878 /* OFL.txt */,
			);
			path = Days_One;
			sourceTree = "<group>";
		};
		3B2ABB0C1DB1EDE5004CB878 /* Droid_Sans_Mono */ = {
			isa = PBXGroup;
			children = (
				3B2ABB0D1DB1EDE5004CB878 /* DroidSansMono.ttf */,
				3B2ABB0E1DB1EDE5004CB878 /* LICENSE.txt */,
			);
			path = Droid_Sans_Mono;
			sourceTree = "<group>";
		};
		3B2ABB0F1DB1EDE5004CB878 /* EB_Garamond */ = {
			isa = PBXGroup;
			children = (
				3B2ABB101DB1EDE5004CB878 /* EBGaramond-Regular.ttf */,
				3B2ABB111DB1EDE5004CB878 /* OFL.txt */,
			);
			path = EB_Garamond;
			sourceTree = "<group>";
		};
		3B2ABB121DB1EDE5004CB878 /* Eczar */ = {
			isa = PBXGroup;
			children = (
				3B2ABB131DB1EDE5004CB878 /* Eczar-Bold.ttf */,
				3B2ABB141DB1EDE5004CB878 /* Eczar-ExtraBold.ttf */,
				3B2ABB151DB1EDE5004CB878 /* Eczar-Medium.ttf */,
				3B2ABB161DB1EDE5004CB878 /* Eczar-Regular.ttf */,
				3B2ABB171DB1EDE5004CB878 /* Eczar-SemiBold.ttf */,
				3B2ABB181DB1EDE5004CB878 /* OFL.txt */,
			);
			path = Eczar;
			sourceTree = "<group>";
		};
		3B2ABB191DB1EDE5004CB878 /* Ewert */ = {
			isa = PBXGroup;
			children = (
				3B2ABB1A1DB1EDE5004CB878 /* Ewert-Regular.ttf */,
				3B2ABB1B1DB1EDE5004CB878 /* OFL.txt */,
			);
			path = Ewert;
			sourceTree = "<group>";
		};
		3B2ABB1C1DB1EDE5004CB878 /* Farsan */ = {
			isa = PBXGroup;
			children = (
				3B2ABB1D1DB1EDE5004CB878 /* Farsan-Regular.ttf */,
				3B2ABB1E1DB1EDE5004CB878 /* OFL.txt */,
			);
			path = Farsan;
			sourceTree = "<group>";
		};
		3B2ABB1F1DB1EDE5004CB878 /* Fredoka_One */ = {
			isa = PBXGroup;
			children = (
				3B2ABB201DB1EDE5004CB878 /* FredokaOne-Regular.ttf */,
				3B2ABB211DB1EDE5004CB878 /* OFL.txt */,
			);
			path = Fredoka_One;
			sourceTree = "<group>";
		};
		3B2ABB221DB1EDE5004CB878 /* Fruktur */ = {
			isa = PBXGroup;
			children = (
				3B2ABB231DB1EDE5004CB878 /* Fruktur-Regular.ttf */,
				3B2ABB241DB1EDE5004CB878 /* OFL.txt */,
			);
			path = Fruktur;
			sourceTree = "<group>";
		};
		3B2ABB251DB1EDE5004CB878 /* Gentium_Basic */ = {
			isa = PBXGroup;
			children = (
				3B2ABB261DB1EDE5004CB878 /* GenBasB.ttf */,
				3B2ABB271DB1EDE5004CB878 /* GenBasBI.ttf */,
				3B2ABB281DB1EDE5004CB878 /* GenBasI.ttf */,
				3B2ABB291DB1EDE5004CB878 /* GenBasR.ttf */,
				3B2ABB2A1DB1EDE5004CB878 /* OFL.txt */,
			);
			path = Gentium_Basic;
			sourceTree = "<group>";
		};
		3B2ABB781DB1EDF7004CB878 /* action_comics */ = {
			isa = PBXGroup;
			children = (
				3B2ABB791DB1EDF7004CB878 /* Action Comcs Black.ttf */,
				3B2ABB7A1DB1EDF7004CB878 /* Action Comics.ttf */,
			);
			path = action_comics;
			sourceTree = "<group>";
		};
		3B5938B21DB17F5D00E3C0FA = {
			isa = PBXGroup;
			children = (
				3B5938BD1DB17F5D00E3C0FA /* InteractiveStory */,
				3B5938BC1DB17F5D00E3C0FA /* Products */,
				3B2ABAC71DB1EDE5004CB878 /* fonts */,
			);
			sourceTree = "<group>";
		};
		3B5938BC1DB17F5D00E3C0FA /* Products */ = {
			isa = PBXGroup;
			children = (
				3B5938BB1DB17F5D00E3C0FA /* InteractiveStory.app */,
			);
			name = Products;
			sourceTree = "<group>";
		};
		3B5938BD1DB17F5D00E3C0FA /* InteractiveStory */ = {
			isa = PBXGroup;
			children = (
				3B5938BE1DB17F5D00E3C0FA /* AppDelegate.swift */,
				3B5938C01DB17F5D00E3C0FA /* ViewController.swift */,
				3B5938C21DB17F5D00E3C0FA /* Main.storyboard */,
				3B5938C51DB17F5D00E3C0FA /* Assets.xcassets */,
				3B5938C71DB17F5D00E3C0FA /* LaunchScreen.storyboard */,
				3B5938CA1DB17F5D00E3C0FA /* Info.plist */,
			);
			path = InteractiveStory;
			sourceTree = "<group>";
		};
/* End PBXGroup section */

/* Begin PBXNativeTarget section */
		3B5938BA1DB17F5D00E3C0FA /* InteractiveStory */ = {
			isa = PBXNativeTarget;
			buildConfigurationList = 3B5938CD1DB17F5D00E3C0FA /* Build configuration list for PBXNativeTarget "InteractiveStory" */;
			buildPhases = (
				3B5938B71DB17F5D00E3C0FA /* Sources */,
				3B5938B81DB17F5D00E3C0FA /* Frameworks */,
				3B5938B91DB17F5D00E3C0FA /* Resources */,
			);
			buildRules = (
			);
			dependencies = (
			);
			name = InteractiveStory;
			productName = InteractiveStory;
			productReference = 3B5938BB1DB17F5D00E3C0FA /* InteractiveStory.app */;
			productType = "com.apple.product-type.application";
		};
/* End PBXNativeTarget section */

/* Begin PBXProject section */
		3B5938B31DB17F5D00E3C0FA /* Project object */ = {
			isa = PBXProject;
			attributes = {
				LastSwiftUpdateCheck = 0800;
				LastUpgradeCheck = 0800;
				ORGANIZATIONNAME = "Code Bramha";
				TargetAttributes = {
					3B5938BA1DB17F5D00E3C0FA = {
						CreatedOnToolsVersion = 8.0;
						DevelopmentTeam = 3W768REU4L;
						ProvisioningStyle = Automatic;
					};
				};
			};
			buildConfigurationList = 3B5938B61DB17F5D00E3C0FA /* Build configuration list for PBXProject "InteractiveStory" */;
			compatibilityVersion = "Xcode 3.2";
			developmentRegion = English;
			hasScannedForEncodings = 0;
			knownRegions = (
				en,
				Base,
			);
			mainGroup = 3B5938B21DB17F5D00E3C0FA;
			productRefGroup = 3B5938BC1DB17F5D00E3C0FA /* Products */;
			projectDirPath = "";
			projectRoot = "";
			targets = (
				3B5938BA1DB17F5D00E3C0FA /* InteractiveStory */,
			);
		};
/* End PBXProject section */

/* Begin PBXResourcesBuildPhase section */
		3B5938B91DB17F5D00E3C0FA /* Resources */ = {
			isa = PBXResourcesBuildPhase;
			buildActionMask = 2147483647;
			files = (
				3B2ABB4A1DB1EDE5004CB878 /* OFL.txt in Resources */,
				3B2ABB731DB1EDE6004CB878 /* GenBasB.ttf in Resources */,
				3B2ABB4B1DB1EDE5004CB878 /* ConcertOne-Regular.ttf in Resources */,
				3B2ABB3C1DB1EDE5004CB878 /* OFL.txt in Resources */,
				3B2ABB751DB1EDE6004CB878 /* GenBasI.ttf in Resources */,
				3B2ABB3A1DB1EDE5004CB878 /* Asul-Bold.ttf in Resources */,
				3B2ABB3D1DB1EDE5004CB878 /* BioRhyme-Bold.ttf in Resources */,
				3B2ABB451DB1EDE5004CB878 /* Bungee-Regular.ttf in Resources */,
				3B2ABB571DB1EDE5004CB878 /* OFL.txt in Resources */,
				3B2ABB651DB1EDE5004CB878 /* Eczar-Bold.ttf in Resources */,
				3B2ABB3F1DB1EDE5004CB878 /* BioRhyme-ExtraLight.ttf in Resources */,
				3B2ABB371DB1EDE5004CB878 /* ArimaMadurai-Regular.ttf in Resources */,
				3B2ABB601DB1EDE5004CB878 /* OFL.txt in Resources */,
				3B2ABB5D1DB1EDE5004CB878 /* Cuprum-Regular.ttf in Resources */,
				3B2ABB6C1DB1EDE5004CB878 /* OFL.txt in Resources */,
				3B2ABB531DB1EDE5004CB878 /* CormorantGaramond-MediumItalic.ttf in Resources */,
				3B2ABB381DB1EDE5004CB878 /* ArimaMadurai-Thin.ttf in Resources */,
				3B2ABB721DB1EDE6004CB878 /* OFL.txt in Resources */,
				3B2ABB2E1DB1EDE5004CB878 /* Amiko-Regular.ttf in Resources */,
				3B2ABB671DB1EDE5004CB878 /* Eczar-Medium.ttf in Resources */,
				3B2ABB6A1DB1EDE5004CB878 /* OFL.txt in Resources */,
				3B2ABB471DB1EDE5004CB878 /* BungeeInline-Regular.ttf in Resources */,
				3B2ABB5B1DB1EDE5004CB878 /* Cuprum-BoldItalic.ttf in Resources */,
				3B2ABB331DB1EDE5004CB878 /* ArimaMadurai-ExtraBold.ttf in Resources */,
				3B2ABB2C1DB1EDE5004CB878 /* OFL.txt in Resources */,
				3B2ABB2D1DB1EDE5004CB878 /* Amiko-Bold.ttf in Resources */,
				3B2ABB6F1DB1EDE6004CB878 /* FredokaOne-Regular.ttf in Resources */,
				3B2ABB481DB1EDE5004CB878 /* OFL.txt in Resources */,
				3B2ABB301DB1EDE5004CB878 /* OFL.txt in Resources */,
				3B2ABB4E1DB1EDE5004CB878 /* CormorantGaramond-BoldItalic.ttf in Resources */,
				3B2ABB6D1DB1EDE5004CB878 /* Farsan-Regular.ttf in Resources */,
				3B2ABB431DB1EDE5004CB878 /* BlackOpsOne-Regular.ttf in Resources */,
				3B2ABB511DB1EDE5004CB878 /* CormorantGaramond-LightItalic.ttf in Resources */,
				3B2ABB321DB1EDE5004CB878 /* ArimaMadurai-Bold.ttf in Resources */,
				3B2ABB691DB1EDE5004CB878 /* Eczar-SemiBold.ttf in Resources */,
				3B2ABB421DB1EDE5004CB878 /* OFL.txt in Resources */,
				3B2ABB5F1DB1EDE5004CB878 /* DaysOne-Regular.ttf in Resources */,
				3B2ABB6B1DB1EDE5004CB878 /* Ewert-Regular.ttf in Resources */,
				3B2ABB7B1DB1EDF7004CB878 /* Action Comcs Black.ttf in Resources */,
				3B2ABB461DB1EDE5004CB878 /* OFL.txt in Resources */,
				3B2ABB411DB1EDE5004CB878 /* BioRhyme-Regular.ttf in Resources */,
				3B2ABB2F1DB1EDE5004CB878 /* Amiko-SemiBold.ttf in Resources */,
				3B2ABB761DB1EDE6004CB878 /* GenBasR.ttf in Resources */,
				3B2ABB541DB1EDE5004CB878 /* CormorantGaramond-Regular.ttf in Resources */,
				3B2ABB551DB1EDE5004CB878 /* CormorantGaramond-SemiBold.ttf in Resources */,
				3B2ABB6E1DB1EDE5004CB878 /* OFL.txt in Resources */,
				3B2ABB311DB1EDE5004CB878 /* ArimaMadurai-Black.ttf in Resources */,
				3B5938C91DB17F5D00E3C0FA /* LaunchScreen.storyboard in Resources */,
				3B2ABB4F1DB1EDE5004CB878 /* CormorantGaramond-Italic.ttf in Resources */,
				3B2ABB701DB1EDE6004CB878 /* OFL.txt in Resources */,
				3B2ABB521DB1EDE5004CB878 /* CormorantGaramond-Medium.ttf in Resources */,
				3B2ABB441DB1EDE5004CB878 /* OFL.txt in Resources */,
				3B5938C61DB17F5D00E3C0FA /* Assets.xcassets in Resources */,
				3B2ABB4C1DB1EDE5004CB878 /* OFL.txt in Resources */,
				3B2ABB581DB1EDE5004CB878 /* Creepster-Regular.ttf in Resources */,
				3B2ABB391DB1EDE5004CB878 /* OFL.txt in Resources */,
				3B2ABB501DB1EDE5004CB878 /* CormorantGaramond-Light.ttf in Resources */,
				3B2ABB661DB1EDE5004CB878 /* Eczar-ExtraBold.ttf in Resources */,
				3B2ABB5A1DB1EDE5004CB878 /* Cuprum-Bold.ttf in Resources */,
				3B2ABB401DB1EDE5004CB878 /* BioRhyme-Light.ttf in Resources */,
				3B5938C41DB17F5D00E3C0FA /* Main.storyboard in Resources */,
				3B2ABB621DB1EDE5004CB878 /* LICENSE.txt in Resources */,
				3B2ABB591DB1EDE5004CB878 /* OFL.txt in Resources */,
				3B2ABB2B1DB1EDE5004CB878 /* AlikeAngular-Regular.ttf in Resources */,
				3B2ABB611DB1EDE5004CB878 /* DroidSansMono.ttf in Resources */,
				3B2ABB5E1DB1EDE5004CB878 /* OFL.txt in Resources */,
				3B2ABB711DB1EDE6004CB878 /* Fruktur-Regular.ttf in Resources */,
				3B2ABB3B1DB1EDE5004CB878 /* Asul-Regular.ttf in Resources */,
				3B2ABB491DB1EDE5004CB878 /* BungeeShade-Regular.ttf in Resources */,
				3B2ABB5C1DB1EDE5004CB878 /* Cuprum-Italic.ttf in Resources */,
				3B2ABB681DB1EDE5004CB878 /* Eczar-Regular.ttf in Resources */,
				3B2ABB771DB1EDE6004CB878 /* OFL.txt in Resources */,
				3B2ABB351DB1EDE5004CB878 /* ArimaMadurai-Light.ttf in Resources */,
				3B2ABB641DB1EDE5004CB878 /* OFL.txt in Resources */,
				3B2ABB561DB1EDE5004CB878 /* CormorantGaramond-SemiBoldItalic.ttf in Resources */,
				3B2ABB7C1DB1EDF7004CB878 /* Action Comics.ttf in Resources */,
				3B2ABB341DB1EDE5004CB878 /* ArimaMadurai-ExtraLight.ttf in Resources */,
				3B2ABB361DB1EDE5004CB878 /* ArimaMadurai-Medium.ttf in Resources */,
				3B2ABB631DB1EDE5004CB878 /* EBGaramond-Regular.ttf in Resources */,
				3B2ABB4D1DB1EDE5004CB878 /* CormorantGaramond-Bold.ttf in Resources */,
				3B2ABB741DB1EDE6004CB878 /* GenBasBI.ttf in Resources */,
				3B2ABB3E1DB1EDE5004CB878 /* BioRhyme-ExtraBold.ttf in Resources */,
			);
			runOnlyForDeploymentPostprocessing = 0;
		};
/* End PBXResourcesBuildPhase section */

/* Begin PBXSourcesBuildPhase section */
		3B5938B71DB17F5D00E3C0FA /* Sources */ = {
			isa = PBXSourcesBuildPhase;
			buildActionMask = 2147483647;
			files = (
				3B5938C11DB17F5D00E3C0FA /* ViewController.swift in Sources */,
				3B5938BF1DB17F5D00E3C0FA /* AppDelegate.swift in Sources */,
			);
			runOnlyForDeploymentPostprocessing = 0;
		};
/* End PBXSourcesBuildPhase section */

/* Begin PBXVariantGroup section */
		3B5938C21DB17F5D00E3C0FA /* Main.storyboard */ = {
			isa = PBXVariantGroup;
			children = (
				3B5938C31DB17F5D00E3C0FA /* Base */,
			);
			name = Main.storyboard;
			sourceTree = "<group>";
		};
		3B5938C71DB17F5D00E3C0FA /* LaunchScreen.storyboard */ = {
			isa = PBXVariantGroup;
			children = (
				3B5938C81DB17F5D00E3C0FA /* Base */,
			);
			name = LaunchScreen.storyboard;
			sourceTree = "<group>";
		};
/* End PBXVariantGroup section */

/* Begin XCBuildConfiguration section */
		3B5938CB1DB17F5D00E3C0FA /* Debug */ = {
			isa = XCBuildConfiguration;
			buildSettings = {
				ALWAYS_SEARCH_USER_PATHS = NO;
				CLANG_ANALYZER_NONNULL = YES;
				CLANG_CXX_LANGUAGE_STANDARD = "gnu++0x";
				CLANG_CXX_LIBRARY = "libc++";
				CLANG_ENABLE_MODULES = YES;
				CLANG_ENABLE_OBJC_ARC = YES;
				CLANG_WARN_BOOL_CONVERSION = YES;
				CLANG_WARN_CONSTANT_CONVERSION = YES;
				CLANG_WARN_DIRECT_OBJC_ISA_USAGE = YES_ERROR;
				CLANG_WARN_DOCUMENTATION_COMMENTS = YES;
				CLANG_WARN_EMPTY_BODY = YES;
				CLANG_WARN_ENUM_CONVERSION = YES;
				CLANG_WARN_INFINITE_RECURSION = YES;
				CLANG_WARN_INT_CONVERSION = YES;
				CLANG_WARN_OBJC_ROOT_CLASS = YES_ERROR;
				CLANG_WARN_SUSPICIOUS_MOVES = YES;
				CLANG_WARN_UNREACHABLE_CODE = YES;
				CLANG_WARN__DUPLICATE_METHOD_MATCH = YES;
				"CODE_SIGN_IDENTITY[sdk=iphoneos*]" = "iPhone Developer";
				COPY_PHASE_STRIP = NO;
				DEBUG_INFORMATION_FORMAT = dwarf;
				ENABLE_STRICT_OBJC_MSGSEND = YES;
				ENABLE_TESTABILITY = YES;
				GCC_C_LANGUAGE_STANDARD = gnu99;
				GCC_DYNAMIC_NO_PIC = NO;
				GCC_NO_COMMON_BLOCKS = YES;
				GCC_OPTIMIZATION_LEVEL = 0;
				GCC_PREPROCESSOR_DEFINITIONS = (
					"DEBUG=1",
					"$(inherited)",
				);
				GCC_WARN_64_TO_32_BIT_CONVERSION = YES;
				GCC_WARN_ABOUT_RETURN_TYPE = YES_ERROR;
				GCC_WARN_UNDECLARED_SELECTOR = YES;
				GCC_WARN_UNINITIALIZED_AUTOS = YES_AGGRESSIVE;
				GCC_WARN_UNUSED_FUNCTION = YES;
				GCC_WARN_UNUSED_VARIABLE = YES;
				IPHONEOS_DEPLOYMENT_TARGET = 10.0;
				MTL_ENABLE_DEBUG_INFO = YES;
				ONLY_ACTIVE_ARCH = YES;
				SDKROOT = iphoneos;
				SWIFT_ACTIVE_COMPILATION_CONDITIONS = DEBUG;
				SWIFT_OPTIMIZATION_LEVEL = "-Onone";
			};
			name = Debug;
		};
		3B5938CC1DB17F5D00E3C0FA /* Release */ = {
			isa = XCBuildConfiguration;
			buildSettings = {
				ALWAYS_SEARCH_USER_PATHS = NO;
				CLANG_ANALYZER_NONNULL = YES;
				CLANG_CXX_LANGUAGE_STANDARD = "gnu++0x";
				CLANG_CXX_LIBRARY = "libc++";
				CLANG_ENABLE_MODULES = YES;
				CLANG_ENABLE_OBJC_ARC = YES;
				CLANG_WARN_BOOL_CONVERSION = YES;
				CLANG_WARN_CONSTANT_CONVERSION = YES;
				CLANG_WARN_DIRECT_OBJC_ISA_USAGE = YES_ERROR;
				CLANG_WARN_DOCUMENTATION_COMMENTS = YES;
				CLANG_WARN_EMPTY_BODY = YES;
				CLANG_WARN_ENUM_CONVERSION = YES;
				CLANG_WARN_INFINITE_RECURSION = YES;
				CLANG_WARN_INT_CONVERSION = YES;
				CLANG_WARN_OBJC_ROOT_CLASS = YES_ERROR;
				CLANG_WARN_SUSPICIOUS_MOVES = YES;
				CLANG_WARN_UNREACHABLE_CODE = YES;
				CLANG_WARN__DUPLICATE_METHOD_MATCH = YES;
				"CODE_SIGN_IDENTITY[sdk=iphoneos*]" = "iPhone Developer";
				COPY_PHASE_STRIP = NO;
				DEBUG_INFORMATION_FORMAT = "dwarf-with-dsym";
				ENABLE_NS_ASSERTIONS = NO;
				ENABLE_STRICT_OBJC_MSGSEND = YES;
				GCC_C_LANGUAGE_STANDARD = gnu99;
				GCC_NO_COMMON_BLOCKS = YES;
				GCC_WARN_64_TO_32_BIT_CONVERSION = YES;
				GCC_WARN_ABOUT_RETURN_TYPE = YES_ERROR;
				GCC_WARN_UNDECLARED_SELECTOR = YES;
				GCC_WARN_UNINITIALIZED_AUTOS = YES_AGGRESSIVE;
				GCC_WARN_UNUSED_FUNCTION = YES;
				GCC_WARN_UNUSED_VARIABLE = YES;
				IPHONEOS_DEPLOYMENT_TARGET = 10.0;
				MTL_ENABLE_DEBUG_INFO = NO;
				SDKROOT = iphoneos;
				SWIFT_OPTIMIZATION_LEVEL = "-Owholemodule";
				VALIDATE_PRODUCT = YES;
			};
			name = Release;
		};
		3B5938CE1DB17F5D00E3C0FA /* Debug */ = {
			isa = XCBuildConfiguration;
			buildSettings = {
				ASSETCATALOG_COMPILER_APPICON_NAME = AppIcon;
				DEVELOPMENT_TEAM = 3W768REU4L;
				INFOPLIST_FILE = InteractiveStory/Info.plist;
				LD_RUNPATH_SEARCH_PATHS = "$(inherited) @executable_path/Frameworks";
				PRODUCT_BUNDLE_IDENTIFIER = com.codebramha.InteractiveStory;
				PRODUCT_NAME = "$(TARGET_NAME)";
				SWIFT_VERSION = 3.0;
			};
			name = Debug;
		};
		3B5938CF1DB17F5D00E3C0FA /* Release */ = {
			isa = XCBuildConfiguration;
			buildSettings = {
				ASSETCATALOG_COMPILER_APPICON_NAME = AppIcon;
				DEVELOPMENT_TEAM = 3W768REU4L;
				INFOPLIST_FILE = InteractiveStory/Info.plist;
				LD_RUNPATH_SEARCH_PATHS = "$(inherited) @executable_path/Frameworks";
				PRODUCT_BUNDLE_IDENTIFIER = com.codebramha.InteractiveStory;
				PRODUCT_NAME = "$(TARGET_NAME)";
				SWIFT_VERSION = 3.0;
			};
			name = Release;
		};
/* End XCBuildConfiguration section */

/* Begin XCConfigurationList section */
		3B5938B61DB17F5D00E3C0FA /* Build configuration list for PBXProject "InteractiveStory" */ = {
			isa = XCConfigurationList;
			buildConfigurations = (
				3B5938CB1DB17F5D00E3C0FA /* Debug */,
				3B5938CC1DB17F5D00E3C0FA /* Release */,
			);
			defaultConfigurationIsVisible = 0;
			defaultConfigurationName = Release;
		};
		3B5938CD1DB17F5D00E3C0FA /* Build configuration list for PBXNativeTarget "InteractiveStory" */ = {
			isa = XCConfigurationList;
			buildConfigurations = (
				3B5938CE1DB17F5D00E3C0FA /* Debug */,
				3B5938CF1DB17F5D00E3C0FA /* Release */,
			);
			defaultConfigurationIsVisible = 0;
			defaultConfigurationName = Release;
		};
/* End XCConfigurationList section */
	};
	rootObject = 3B5938B31DB17F5D00E3C0FA /* Project object */;
}
