// !$*UTF8*$!
{
	archiveVersion = 1;
	classes = {
	};
	objectVersion = 46;
	objects = {

/* Begin PBXBuildFile section */
		3B4596541DB4015A00114947 /* AppDelegate.swift in Sources */ = {isa = PBXBuildFile; fileRef = 3B4596531DB4015A00114947 /* AppDelegate.swift */; };
		3B4596561DB4015A00114947 /* ViewController.swift in Sources */ = {isa = PBXBuildFile; fileRef = 3B4596551DB4015A00114947 /* ViewController.swift */; };
		3B4596581DB4015A00114947 /* Document.swift in Sources */ = {isa = PBXBuildFile; fileRef = 3B4596571DB4015A00114947 /* Document.swift */; };
		3B45965A1DB4015A00114947 /* Assets.xcassets in Resources */ = {isa = PBXBuildFile; fileRef = 3B4596591DB4015A00114947 /* Assets.xcassets */; };
		3B45965D1DB4015A00114947 /* Main.storyboard in Resources */ = {isa = PBXBuildFile; fileRef = 3B45965B1DB4015A00114947 /* Main.storyboard */; };
/* End PBXBuildFile section */

/* Begin PBXFileReference section */
		3B4596501DB4015A00114947 /* VocalTextEdit.app */ = {isa = PBXFileReference; explicitFileType = wrapper.application; includeInIndex = 0; path = VocalTextEdit.app; sourceTree = BUILT_PRODUCTS_DIR; };
		3B4596531DB4015A00114947 /* AppDelegate.swift */ = {isa = PBXFileReference; lastKnownFileType = sourcecode.swift; path = AppDelegate.swift; sourceTree = "<group>"; };
		3B4596551DB4015A00114947 /* ViewController.swift */ = {isa = PBXFileReference; lastKnownFileType = sourcecode.swift; path = ViewController.swift; sourceTree = "<group>"; };
		3B4596571DB4015A00114947 /* Document.swift */ = {isa = PBXFileReference; lastKnownFileType = sourcecode.swift; path = Document.swift; sourceTree = "<group>"; };
		3B4596591DB4015A00114947 /* Assets.xcassets */ = {isa = PBXFileReference; lastKnownFileType = folder.assetcatalog; path = Assets.xcassets; sourceTree = "<group>"; };
		3B45965C1DB4015A00114947 /* Base */ = {isa = PBXFileReference; lastKnownFileType = file.storyboard; name = Base; path = Base.lproj/Main.storyboard; sourceTree = "<group>"; };
		3B45965E1DB4015A00114947 /* Info.plist */ = {isa = PBXFileReference; lastKnownFileType = text.plist.xml; path = Info.plist; sourceTree = "<group>"; };
/* End PBXFileReference section */

/* Begin PBXFrameworksBuildPhase section */
		3B45964D1DB4015A00114947 /* Frameworks */ = {
			isa = PBXFrameworksBuildPhase;
			buildActionMask = 2147483647;
			files = (
			);
			runOnlyForDeploymentPostprocessing = 0;
		};
/* End PBXFrameworksBuildPhase section */

/* Begin PBXGroup section */
		3B4596471DB4015A00114947 = {
			isa = PBXGroup;
			children = (
				3B4596521DB4015A00114947 /* VocalTextEdit */,
				3B4596511DB4015A00114947 /* Products */,
			);
			sourceTree = "<group>";
		};
		3B4596511DB4015A00114947 /* Products */ = {
			isa = PBXGroup;
			children = (
				3B4596501DB4015A00114947 /* VocalTextEdit.app */,
			);
			name = Products;
			sourceTree = "<group>";
		};
		3B4596521DB4015A00114947 /* VocalTextEdit */ = {
			isa = PBXGroup;
			children = (
				3B4596531DB4015A00114947 /* AppDelegate.swift */,
				3B4596551DB4015A00114947 /* ViewController.swift */,
				3B4596571DB4015A00114947 /* Document.swift */,
				3B4596591DB4015A00114947 /* Assets.xcassets */,
				3B45965B1DB4015A00114947 /* Main.storyboard */,
				3B45965E1DB4015A00114947 /* Info.plist */,
			);
			path = VocalTextEdit;
			sourceTree = "<group>";
		};
/* End PBXGroup section */

/* Begin PBXNativeTarget section */
		3B45964F1DB4015A00114947 /* VocalTextEdit */ = {
			isa = PBXNativeTarget;
			buildConfigurationList = 3B4596611DB4015A00114947 /* Build configuration list for PBXNativeTarget "VocalTextEdit" */;
			buildPhases = (
				3B45964C1DB4015A00114947 /* Sources */,
				3B45964D1DB4015A00114947 /* Frameworks */,
				3B45964E1DB4015A00114947 /* Resources */,
			);
			buildRules = (
			);
			dependencies = (
			);
			name = VocalTextEdit;
			productName = VocalTextEdit;
			productReference = 3B4596501DB4015A00114947 /* VocalTextEdit.app */;
			productType = "com.apple.product-type.application";
		};
/* End PBXNativeTarget section */

/* Begin PBXProject section */
		3B4596481DB4015A00114947 /* Project object */ = {
			isa = PBXProject;
			attributes = {
				LastSwiftUpdateCheck = 0800;
				LastUpgradeCheck = 0800;
				ORGANIZATIONNAME = "Code Bramha";
				TargetAttributes = {
					3B45964F1DB4015A00114947 = {
						CreatedOnToolsVersion = 8.0;
						DevelopmentTeam = 3W768REU4L;
						ProvisioningStyle = Automatic;
					};
				};
			};
			buildConfigurationList = 3B45964B1DB4015A00114947 /* Build configuration list for PBXProject "VocalTextEdit" */;
			compatibilityVersion = "Xcode 3.2";
			developmentRegion = English;
			hasScannedForEncodings = 0;
			knownRegions = (
				en,
				Base,
			);
			mainGroup = 3B4596471DB4015A00114947;
			productRefGroup = 3B4596511DB4015A00114947 /* Products */;
			projectDirPath = "";
			projectRoot = "";
			targets = (
				3B45964F1DB4015A00114947 /* VocalTextEdit */,
			);
		};
/* End PBXProject section */

/* Begin PBXResourcesBuildPhase section */
		3B45964E1DB4015A00114947 /* Resources */ = {
			isa = PBXResourcesBuildPhase;
			buildActionMask = 2147483647;
			files = (
				3B45965A1DB4015A00114947 /* Assets.xcassets in Resources */,
				3B45965D1DB4015A00114947 /* Main.storyboard in Resources */,
			);
			runOnlyForDeploymentPostprocessing = 0;
		};
/* End PBXResourcesBuildPhase section */

/* Begin PBXSourcesBuildPhase section */
		3B45964C1DB4015A00114947 /* Sources */ = {
			isa = PBXSourcesBuildPhase;
			buildActionMask = 2147483647;
			files = (
				3B4596561DB4015A00114947 /* ViewController.swift in Sources */,
				3B4596541DB4015A00114947 /* AppDelegate.swift in Sources */,
				3B4596581DB4015A00114947 /* Document.swift in Sources */,
			);
			runOnlyForDeploymentPostprocessing = 0;
		};
/* End PBXSourcesBuildPhase section */

/* Begin PBXVariantGroup section */
		3B45965B1DB4015A00114947 /* Main.storyboard */ = {
			isa = PBXVariantGroup;
			children = (
				3B45965C1DB4015A00114947 /* Base */,
			);
			name = Main.storyboard;
			sourceTree = "<group>";
		};
/* End PBXVariantGroup section */

/* Begin XCBuildConfiguration section */
		3B45965F1DB4015A00114947 /* Debug */ = {
			isa = XCBuildConfiguration;
			buildSettings = {
				ALWAYS_SEARCH_USER_PATHS = NO;
				CLANG_ANALYZER_NONNULL = YES;
				CLANG_CXX_LANGUAGE_STANDARD = "gnu++0x";
				CLANG_CXX_LIBRARY = "libc++";
				CLANG_ENABLE_MODULES = YES;
				CLANG_ENABLE_OBJC_ARC = YES;
				CLANG_WARN_BOOL_CONVERSION = YES;
				CLANG_WARN_CONSTANT_CONVERSION = YES;
				CLANG_WARN_DIRECT_OBJC_ISA_USAGE = YES_ERROR;
				CLANG_WARN_DOCUMENTATION_COMMENTS = YES;
				CLANG_WARN_EMPTY_BODY = YES;
				CLANG_WARN_ENUM_CONVERSION = YES;
				CLANG_WARN_INFINITE_RECURSION = YES;
				CLANG_WARN_INT_CONVERSION = YES;
				CLANG_WARN_OBJC_ROOT_CLASS = YES_ERROR;
				CLANG_WARN_SUSPICIOUS_MOVES = YES;
				CLANG_WARN_UNREACHABLE_CODE = YES;
				CLANG_WARN__DUPLICATE_METHOD_MATCH = YES;
				CODE_SIGN_IDENTITY = "-";
				COPY_PHASE_STRIP = NO;
				DEBUG_INFORMATION_FORMAT = dwarf;
				ENABLE_STRICT_OBJC_MSGSEND = YES;
				ENABLE_TESTABILITY = YES;
				GCC_C_LANGUAGE_STANDARD = gnu99;
				GCC_DYNAMIC_NO_PIC = NO;
				GCC_NO_COMMON_BLOCKS = YES;
				GCC_OPTIMIZATION_LEVEL = 0;
				GCC_PREPROCESSOR_DEFINITIONS = (
					"DEBUG=1",
					"$(inherited)",
				);
				GCC_WARN_64_TO_32_BIT_CONVERSION = YES;
				GCC_WARN_ABOUT_RETURN_TYPE = YES_ERROR;
				GCC_WARN_UNDECLARED_SELECTOR = YES;
				GCC_WARN_UNINITIALIZED_AUTOS = YES_AGGRESSIVE;
				GCC_WARN_UNUSED_FUNCTION = YES;
				GCC_WARN_UNUSED_VARIABLE = YES;
				MACOSX_DEPLOYMENT_TARGET = 10.12;
				MTL_ENABLE_DEBUG_INFO = YES;
				ONLY_ACTIVE_ARCH = YES;
				SDKROOT = macosx;
				SWIFT_ACTIVE_COMPILATION_CONDITIONS = DEBUG;
				SWIFT_OPTIMIZATION_LEVEL = "-Onone";
			};
			name = Debug;
		};
		3B4596601DB4015A00114947 /* Release */ = {
			isa = XCBuildConfiguration;
			buildSettings = {
				ALWAYS_SEARCH_USER_PATHS = NO;
				CLANG_ANALYZER_NONNULL = YES;
				CLANG_CXX_LANGUAGE_STANDARD = "gnu++0x";
				CLANG_CXX_LIBRARY = "libc++";
				CLANG_ENABLE_MODULES = YES;
				CLANG_ENABLE_OBJC_ARC = YES;
				CLANG_WARN_BOOL_CONVERSION = YES;
				CLANG_WARN_CONSTANT_CONVERSION = YES;
				CLANG_WARN_DIRECT_OBJC_ISA_USAGE = YES_ERROR;
				CLANG_WARN_DOCUMENTATION_COMMENTS = YES;
				CLANG_WARN_EMPTY_BODY = YES;
				CLANG_WARN_ENUM_CONVERSION = YES;
				CLANG_WARN_INFINITE_RECURSION = YES;
				CLANG_WARN_INT_CONVERSION = YES;
				CLANG_WARN_OBJC_ROOT_CLASS = YES_ERROR;
				CLANG_WARN_SUSPICIOUS_MOVES = YES;
				CLANG_WARN_UNREACHABLE_CODE = YES;
				CLANG_WARN__DUPLICATE_METHOD_MATCH = YES;
				CODE_SIGN_IDENTITY = "-";
				COPY_PHASE_STRIP = NO;
				DEBUG_INFORMATION_FORMAT = "dwarf-with-dsym";
				ENABLE_NS_ASSERTIONS = NO;
				ENABLE_STRICT_OBJC_MSGSEND = YES;
				GCC_C_LANGUAGE_STANDARD = gnu99;
				GCC_NO_COMMON_BLOCKS = YES;
				GCC_WARN_64_TO_32_BIT_CONVERSION = YES;
				GCC_WARN_ABOUT_RETURN_TYPE = YES_ERROR;
				GCC_WARN_UNDECLARED_SELECTOR = YES;
				GCC_WARN_UNINITIALIZED_AUTOS = YES_AGGRESSIVE;
				GCC_WARN_UNUSED_FUNCTION = YES;
				GCC_WARN_UNUSED_VARIABLE = YES;
				MACOSX_DEPLOYMENT_TARGET = 10.12;
				MTL_ENABLE_DEBUG_INFO = NO;
				SDKROOT = macosx;
				SWIFT_OPTIMIZATION_LEVEL = "-Owholemodule";
			};
			name = Release;
		};
		3B4596621DB4015A00114947 /* Debug */ = {
			isa = XCBuildConfiguration;
			buildSettings = {
				ASSETCATALOG_COMPILER_APPICON_NAME = AppIcon;
				COMBINE_HIDPI_IMAGES = YES;
				DEVELOPMENT_TEAM = 3W768REU4L;
				INFOPLIST_FILE = VocalTextEdit/Info.plist;
				LD_RUNPATH_SEARCH_PATHS = "$(inherited) @executable_path/../Frameworks";
				PRODUCT_BUNDLE_IDENTIFIER = com.codebramha.VocalTextEdit;
				PRODUCT_NAME = "$(TARGET_NAME)";
				SWIFT_VERSION = 3.0;
			};
			name = Debug;
		};
		3B4596631DB4015A00114947 /* Release */ = {
			isa = XCBuildConfiguration;
			buildSettings = {
				ASSETCATALOG_COMPILER_APPICON_NAME = AppIcon;
				COMBINE_HIDPI_IMAGES = YES;
				DEVELOPMENT_TEAM = 3W768REU4L;
				INFOPLIST_FILE = VocalTextEdit/Info.plist;
				LD_RUNPATH_SEARCH_PATHS = "$(inherited) @executable_path/../Frameworks";
				PRODUCT_BUNDLE_IDENTIFIER = com.codebramha.VocalTextEdit;
				PRODUCT_NAME = "$(TARGET_NAME)";
				SWIFT_VERSION = 3.0;
			};
			name = Release;
		};
/* End XCBuildConfiguration section */

/* Begin XCConfigurationList section */
		3B45964B1DB4015A00114947 /* Build configuration list for PBXProject "VocalTextEdit" */ = {
			isa = XCConfigurationList;
			buildConfigurations = (
				3B45965F1DB4015A00114947 /* Debug */,
				3B4596601DB4015A00114947 /* Release */,
			);
			defaultConfigurationIsVisible = 0;
			defaultConfigurationName = Release;
		};
		3B4596611DB4015A00114947 /* Build configuration list for PBXNativeTarget "VocalTextEdit" */ = {
			isa = XCConfigurationList;
			buildConfigurations = (
				3B4596621DB4015A00114947 /* Debug */,
				3B4596631DB4015A00114947 /* Release */,
			);
			defaultConfigurationIsVisible = 0;
		};
/* End XCConfigurationList section */
	};
	rootObject = 3B4596481DB4015A00114947 /* Project object */;
}
