// !$*UTF8*$!
{
	archiveVersion = 1;
	classes = {
	};
	objectVersion = 46;
	objects = {

/* Begin PBXBuildFile section */
		3B2623A81DB832D400463942 /* AppDelegate.swift in Sources */ = {isa = PBXBuildFile; fileRef = 3B2623A71DB832D400463942 /* AppDelegate.swift */; };
		3B2623AA1DB832D400463942 /* ViewController.swift in Sources */ = {isa = PBXBuildFile; fileRef = 3B2623A91DB832D400463942 /* ViewController.swift */; };
		3B2623AD1DB832D400463942 /* Main.storyboard in Resources */ = {isa = PBXBuildFile; fileRef = 3B2623AB1DB832D400463942 /* Main.storyboard */; };
		3B2623AF1DB832D400463942 /* Assets.xcassets in Resources */ = {isa = PBXBuildFile; fileRef = 3B2623AE1DB832D400463942 /* Assets.xcassets */; };
		3B2623B21DB832D400463942 /* LaunchScreen.storyboard in Resources */ = {isa = PBXBuildFile; fileRef = 3B2623B01DB832D400463942 /* LaunchScreen.storyboard */; };
/* End PBXBuildFile section */

/* Begin PBXFileReference section */
		3B2623A41DB832D400463942 /* StackViewMagic.app */ = {isa = PBXFileReference; explicitFileType = wrapper.application; includeInIndex = 0; path = StackViewMagic.app; sourceTree = BUILT_PRODUCTS_DIR; };
		3B2623A71DB832D400463942 /* AppDelegate.swift */ = {isa = PBXFileReference; lastKnownFileType = sourcecode.swift; path = AppDelegate.swift; sourceTree = "<group>"; };
		3B2623A91DB832D400463942 /* ViewController.swift */ = {isa = PBXFileReference; lastKnownFileType = sourcecode.swift; path = ViewController.swift; sourceTree = "<group>"; };
		3B2623AC1DB832D400463942 /* Base */ = {isa = PBXFileReference; lastKnownFileType = file.storyboard; name = Base; path = Base.lproj/Main.storyboard; sourceTree = "<group>"; };
		3B2623AE1DB832D400463942 /* Assets.xcassets */ = {isa = PBXFileReference; lastKnownFileType = folder.assetcatalog; path = Assets.xcassets; sourceTree = "<group>"; };
		3B2623B11DB832D400463942 /* Base */ = {isa = PBXFileReference; lastKnownFileType = file.storyboard; name = Base; path = Base.lproj/LaunchScreen.storyboard; sourceTree = "<group>"; };
		3B2623B31DB832D400463942 /* Info.plist */ = {isa = PBXFileReference; lastKnownFileType = text.plist.xml; path = Info.plist; sourceTree = "<group>"; };
/* End PBXFileReference section */

/* Begin PBXFrameworksBuildPhase section */
		3B2623A11DB832D400463942 /* Frameworks */ = {
			isa = PBXFrameworksBuildPhase;
			buildActionMask = 2147483647;
			files = (
			);
			runOnlyForDeploymentPostprocessing = 0;
		};
/* End PBXFrameworksBuildPhase section */

/* Begin PBXGroup section */
		3B26239B1DB832D400463942 = {
			isa = PBXGroup;
			children = (
				3B2623A61DB832D400463942 /* StackViewMagic */,
				3B2623A51DB832D400463942 /* Products */,
			);
			sourceTree = "<group>";
		};
		3B2623A51DB832D400463942 /* Products */ = {
			isa = PBXGroup;
			children = (
				3B2623A41DB832D400463942 /* StackViewMagic.app */,
			);
			name = Products;
			sourceTree = "<group>";
		};
		3B2623A61DB832D400463942 /* StackViewMagic */ = {
			isa = PBXGroup;
			children = (
				3B2623A71DB832D400463942 /* AppDelegate.swift */,
				3B2623A91DB832D400463942 /* ViewController.swift */,
				3B2623AB1DB832D400463942 /* Main.storyboard */,
				3B2623AE1DB832D400463942 /* Assets.xcassets */,
				3B2623B01DB832D400463942 /* LaunchScreen.storyboard */,
				3B2623B31DB832D400463942 /* Info.plist */,
			);
			path = StackViewMagic;
			sourceTree = "<group>";
		};
/* End PBXGroup section */

/* Begin PBXNativeTarget section */
		3B2623A31DB832D400463942 /* StackViewMagic */ = {
			isa = PBXNativeTarget;
			buildConfigurationList = 3B2623B61DB832D400463942 /* Build configuration list for PBXNativeTarget "StackViewMagic" */;
			buildPhases = (
				3B2623A01DB832D400463942 /* Sources */,
				3B2623A11DB832D400463942 /* Frameworks */,
				3B2623A21DB832D400463942 /* Resources */,
			);
			buildRules = (
			);
			dependencies = (
			);
			name = StackViewMagic;
			productName = StackViewMagic;
			productReference = 3B2623A41DB832D400463942 /* StackViewMagic.app */;
			productType = "com.apple.product-type.application";
		};
/* End PBXNativeTarget section */

/* Begin PBXProject section */
		3B26239C1DB832D400463942 /* Project object */ = {
			isa = PBXProject;
			attributes = {
				LastSwiftUpdateCheck = 0800;
				LastUpgradeCheck = 0800;
				ORGANIZATIONNAME = "Code Bramha";
				TargetAttributes = {
					3B2623A31DB832D400463942 = {
						CreatedOnToolsVersion = 8.0;
						DevelopmentTeam = 3W768REU4L;
						ProvisioningStyle = Automatic;
					};
				};
			};
			buildConfigurationList = 3B26239F1DB832D400463942 /* Build configuration list for PBXProject "StackViewMagic" */;
			compatibilityVersion = "Xcode 3.2";
			developmentRegion = English;
			hasScannedForEncodings = 0;
			knownRegions = (
				en,
				Base,
			);
			mainGroup = 3B26239B1DB832D400463942;
			productRefGroup = 3B2623A51DB832D400463942 /* Products */;
			projectDirPath = "";
			projectRoot = "";
			targets = (
				3B2623A31DB832D400463942 /* StackViewMagic */,
			);
		};
/* End PBXProject section */

/* Begin PBXResourcesBuildPhase section */
		3B2623A21DB832D400463942 /* Resources */ = {
			isa = PBXResourcesBuildPhase;
			buildActionMask = 2147483647;
			files = (
				3B2623B21DB832D400463942 /* LaunchScreen.storyboard in Resources */,
				3B2623AF1DB832D400463942 /* Assets.xcassets in Resources */,
				3B2623AD1DB832D400463942 /* Main.storyboard in Resources */,
			);
			runOnlyForDeploymentPostprocessing = 0;
		};
/* End PBXResourcesBuildPhase section */

/* Begin PBXSourcesBuildPhase section */
		3B2623A01DB832D400463942 /* Sources */ = {
			isa = PBXSourcesBuildPhase;
			buildActionMask = 2147483647;
			files = (
				3B2623AA1DB832D400463942 /* ViewController.swift in Sources */,
				3B2623A81DB832D400463942 /* AppDelegate.swift in Sources */,
			);
			runOnlyForDeploymentPostprocessing = 0;
		};
/* End PBXSourcesBuildPhase section */

/* Begin PBXVariantGroup section */
		3B2623AB1DB832D400463942 /* Main.storyboard */ = {
			isa = PBXVariantGroup;
			children = (
				3B2623AC1DB832D400463942 /* Base */,
			);
			name = Main.storyboard;
			sourceTree = "<group>";
		};
		3B2623B01DB832D400463942 /* LaunchScreen.storyboard */ = {
			isa = PBXVariantGroup;
			children = (
				3B2623B11DB832D400463942 /* Base */,
			);
			name = LaunchScreen.storyboard;
			sourceTree = "<group>";
		};
/* End PBXVariantGroup section */

/* Begin XCBuildConfiguration section */
		3B2623B41DB832D400463942 /* Debug */ = {
			isa = XCBuildConfiguration;
			buildSettings = {
				ALWAYS_SEARCH_USER_PATHS = NO;
				CLANG_ANALYZER_NONNULL = YES;
				CLANG_CXX_LANGUAGE_STANDARD = "gnu++0x";
				CLANG_CXX_LIBRARY = "libc++";
				CLANG_ENABLE_MODULES = YES;
				CLANG_ENABLE_OBJC_ARC = YES;
				CLANG_WARN_BOOL_CONVERSION = YES;
				CLANG_WARN_CONSTANT_CONVERSION = YES;
				CLANG_WARN_DIRECT_OBJC_ISA_USAGE = YES_ERROR;
				CLANG_WARN_DOCUMENTATION_COMMENTS = YES;
				CLANG_WARN_EMPTY_BODY = YES;
				CLANG_WARN_ENUM_CONVERSION = YES;
				CLANG_WARN_INFINITE_RECURSION = YES;
				CLANG_WARN_INT_CONVERSION = YES;
				CLANG_WARN_OBJC_ROOT_CLASS = YES_ERROR;
				CLANG_WARN_SUSPICIOUS_MOVES = YES;
				CLANG_WARN_UNREACHABLE_CODE = YES;
				CLANG_WARN__DUPLICATE_METHOD_MATCH = YES;
				"CODE_SIGN_IDENTITY[sdk=iphoneos*]" = "iPhone Developer";
				COPY_PHASE_STRIP = NO;
				DEBUG_INFORMATION_FORMAT = dwarf;
				ENABLE_STRICT_OBJC_MSGSEND = YES;
				ENABLE_TESTABILITY = YES;
				GCC_C_LANGUAGE_STANDARD = gnu99;
				GCC_DYNAMIC_NO_PIC = NO;
				GCC_NO_COMMON_BLOCKS = YES;
				GCC_OPTIMIZATION_LEVEL = 0;
				GCC_PREPROCESSOR_DEFINITIONS = (
					"DEBUG=1",
					"$(inherited)",
				);
				GCC_WARN_64_TO_32_BIT_CONVERSION = YES;
				GCC_WARN_ABOUT_RETURN_TYPE = YES_ERROR;
				GCC_WARN_UNDECLARED_SELECTOR = YES;
				GCC_WARN_UNINITIALIZED_AUTOS = YES_AGGRESSIVE;
				GCC_WARN_UNUSED_FUNCTION = YES;
				GCC_WARN_UNUSED_VARIABLE = YES;
				IPHONEOS_DEPLOYMENT_TARGET = 10.0;
				MTL_ENABLE_DEBUG_INFO = YES;
				ONLY_ACTIVE_ARCH = YES;
				SDKROOT = iphoneos;
				SWIFT_ACTIVE_COMPILATION_CONDITIONS = DEBUG;
				SWIFT_OPTIMIZATION_LEVEL = "-Onone";
			};
			name = Debug;
		};
		3B2623B51DB832D400463942 /* Release */ = {
			isa = XCBuildConfiguration;
			buildSettings = {
				ALWAYS_SEARCH_USER_PATHS = NO;
				CLANG_ANALYZER_NONNULL = YES;
				CLANG_CXX_LANGUAGE_STANDARD = "gnu++0x";
				CLANG_CXX_LIBRARY = "libc++";
				CLANG_ENABLE_MODULES = YES;
				CLANG_ENABLE_OBJC_ARC = YES;
				CLANG_WARN_BOOL_CONVERSION = YES;
				CLANG_WARN_CONSTANT_CONVERSION = YES;
				CLANG_WARN_DIRECT_OBJC_ISA_USAGE = YES_ERROR;
				CLANG_WARN_DOCUMENTATION_COMMENTS = YES;
				CLANG_WARN_EMPTY_BODY = YES;
				CLANG_WARN_ENUM_CONVERSION = YES;
				CLANG_WARN_INFINITE_RECURSION = YES;
				CLANG_WARN_INT_CONVERSION = YES;
				CLANG_WARN_OBJC_ROOT_CLASS = YES_ERROR;
				CLANG_WARN_SUSPICIOUS_MOVES = YES;
				CLANG_WARN_UNREACHABLE_CODE = YES;
				CLANG_WARN__DUPLICATE_METHOD_MATCH = YES;
				"CODE_SIGN_IDENTITY[sdk=iphoneos*]" = "iPhone Developer";
				COPY_PHASE_STRIP = NO;
				DEBUG_INFORMATION_FORMAT = "dwarf-with-dsym";
				ENABLE_NS_ASSERTIONS = NO;
				ENABLE_STRICT_OBJC_MSGSEND = YES;
				GCC_C_LANGUAGE_STANDARD = gnu99;
				GCC_NO_COMMON_BLOCKS = YES;
				GCC_WARN_64_TO_32_BIT_CONVERSION = YES;
				GCC_WARN_ABOUT_RETURN_TYPE = YES_ERROR;
				GCC_WARN_UNDECLARED_SELECTOR = YES;
				GCC_WARN_UNINITIALIZED_AUTOS = YES_AGGRESSIVE;
				GCC_WARN_UNUSED_FUNCTION = YES;
				GCC_WARN_UNUSED_VARIABLE = YES;
				IPHONEOS_DEPLOYMENT_TARGET = 10.0;
				MTL_ENABLE_DEBUG_INFO = NO;
				SDKROOT = iphoneos;
				SWIFT_OPTIMIZATION_LEVEL = "-Owholemodule";
				VALIDATE_PRODUCT = YES;
			};
			name = Release;
		};
		3B2623B71DB832D400463942 /* Debug */ = {
			isa = XCBuildConfiguration;
			buildSettings = {
				ASSETCATALOG_COMPILER_APPICON_NAME = AppIcon;
				DEVELOPMENT_TEAM = 3W768REU4L;
				INFOPLIST_FILE = StackViewMagic/Info.plist;
				LD_RUNPATH_SEARCH_PATHS = "$(inherited) @executable_path/Frameworks";
				PRODUCT_BUNDLE_IDENTIFIER = com.codebramha.StackViewMagic;
				PRODUCT_NAME = "$(TARGET_NAME)";
				SWIFT_VERSION = 3.0;
			};
			name = Debug;
		};
		3B2623B81DB832D400463942 /* Release */ = {
			isa = XCBuildConfiguration;
			buildSettings = {
				ASSETCATALOG_COMPILER_APPICON_NAME = AppIcon;
				DEVELOPMENT_TEAM = 3W768REU4L;
				INFOPLIST_FILE = StackViewMagic/Info.plist;
				LD_RUNPATH_SEARCH_PATHS = "$(inherited) @executable_path/Frameworks";
				PRODUCT_BUNDLE_IDENTIFIER = com.codebramha.StackViewMagic;
				PRODUCT_NAME = "$(TARGET_NAME)";
				SWIFT_VERSION = 3.0;
			};
			name = Release;
		};
/* End XCBuildConfiguration section */

/* Begin XCConfigurationList section */
		3B26239F1DB832D400463942 /* Build configuration list for PBXProject "StackViewMagic" */ = {
			isa = XCConfigurationList;
			buildConfigurations = (
				3B2623B41DB832D400463942 /* Debug */,
				3B2623B51DB832D400463942 /* Release */,
			);
			defaultConfigurationIsVisible = 0;
			defaultConfigurationName = Release;
		};
		3B2623B61DB832D400463942 /* Build configuration list for PBXNativeTarget "StackViewMagic" */ = {
			isa = XCConfigurationList;
			buildConfigurations = (
				3B2623B71DB832D400463942 /* Debug */,
				3B2623B81DB832D400463942 /* Release */,
			);
			defaultConfigurationIsVisible = 0;
		};
/* End XCConfigurationList section */
	};
	rootObject = 3B26239C1DB832D400463942 /* Project object */;
}
